<?xml version="1.0" encoding="utf-8"?>
<Project ToolsVersion="4.0" xmlns="http://schemas.microsoft.com/developer/msbuild/2003">
  <ItemGroup>
    <Filter Include="소스 파일">
      <UniqueIdentifier>{4FC737F1-C7A5-4376-A066-2A32D752A2FF}</UniqueIdentifier>
      <Extensions>cpp;c;cc;cxx;def;odl;idl;hpj;bat;asm;asmx</Extensions>
    </Filter>
    <Filter Include="헤더 파일">
      <UniqueIdentifier>{93995380-89BD-4b04-88EB-625FBE52EBFB}</UniqueIdentifier>
      <Extensions>h;hh;hpp;hxx;hm;inl;inc;ipp;xsd</Extensions>
    </Filter>
    <Filter Include="리소스 파일">
      <UniqueIdentifier>{67DA6AB6-F800-4c08-8B7A-83BB121AAD01}</UniqueIdentifier>
      <Extensions>rc;ico;cur;bmp;dlg;rc2;rct;bin;rgs;gif;jpg;jpeg;jpe;resx;tiff;tif;png;wav;mfcribbon-ms</Extensions>
    </Filter>
    <Filter Include="소스 파일\shared">
      <UniqueIdentifier>{0c8a4951-74f7-4d5c-8d17-b28a5dc83b7d}</UniqueIdentifier>
    </Filter>
    <Filter Include="소스 파일\Framework">
      <UniqueIdentifier>{0b01b8df-05b7-4e98-bda1-dd9d8176bbf1}</UniqueIdentifier>
    </Filter>
    <Filter Include="소스 파일\Debuger">
      <UniqueIdentifier>{f8379b77-edd3-41c8-a09c-b640cf13383d}</UniqueIdentifier>
    </Filter>
    <Filter Include="소스 파일\01.Object">
      <UniqueIdentifier>{2f4c9ad4-310d-4827-98ae-afbf3a4af59f}</UniqueIdentifier>
    </Filter>
    <Filter Include="소스 파일\02.Buffer">
      <UniqueIdentifier>{fef4a1f8-54df-4f28-b313-b0358fe744e3}</UniqueIdentifier>
    </Filter>
    <Filter Include="소스 파일\Mesh">
      <UniqueIdentifier>{acd81791-d683-4865-9f3a-3326b9b5f957}</UniqueIdentifier>
    </Filter>
    <Filter Include="소스 파일\PCH">
      <UniqueIdentifier>{1f19d951-636b-49f7-99b3-066971d3bc45}</UniqueIdentifier>
    </Filter>
    <Filter Include="소스 파일\Manager">
      <UniqueIdentifier>{f17308c3-a493-418f-9625-8fd44df7dbcf}</UniqueIdentifier>
    </Filter>
    <Filter Include="소스 파일\Manager\DeviceManager">
      <UniqueIdentifier>{3bc03b0a-7f36-46b1-88b4-6881acf27171}</UniqueIdentifier>
    </Filter>
    <Filter Include="소스 파일\Data">
      <UniqueIdentifier>{5af11df9-5472-47b4-807d-b19c0dbd4143}</UniqueIdentifier>
    </Filter>
    <Filter Include="소스 파일\Manager\Renderer">
      <UniqueIdentifier>{0a50bd63-b12b-4e35-b8ef-92d059007e27}</UniqueIdentifier>
    </Filter>
    <Filter Include="소스 파일\RenderContainer">
      <UniqueIdentifier>{6ed70f08-b0bd-4824-bcf0-e72d4a5b9b48}</UniqueIdentifier>
    </Filter>
    <Filter Include="소스 파일\02.Buffer\VertexBuffer">
      <UniqueIdentifier>{1c6ef85b-cced-4007-83ce-5e6dffef0018}</UniqueIdentifier>
    </Filter>
    <Filter Include="소스 파일\02.Buffer\GADBuffer">
      <UniqueIdentifier>{7b788ad7-8252-45b2-8b51-f5cdf5128414}</UniqueIdentifier>
    </Filter>
    <Filter Include="소스 파일\02.Buffer\IndexBuffer">
      <UniqueIdentifier>{904ae816-6861-421e-8f42-7cf37a1f4379}</UniqueIdentifier>
    </Filter>
    <Filter Include="소스 파일\02.Buffer\InstancingBuffer">
      <UniqueIdentifier>{2b8c63d6-cf0d-43ba-94e1-e707a8f31394}</UniqueIdentifier>
    </Filter>
    <Filter Include="소스 파일\02.Buffer\UniformBuffer">
      <UniqueIdentifier>{06b731af-48b7-4425-adf3-f77535f4451e}</UniqueIdentifier>
    </Filter>
    <Filter Include="소스 파일\03. Texture">
      <UniqueIdentifier>{f5e31d5d-4fd5-4acf-a2e1-660c23e75ad1}</UniqueIdentifier>
    </Filter>
    <Filter Include="소스 파일\GameObject">
      <UniqueIdentifier>{ded8d7bb-3212-4930-9160-d1ec8c55258d}</UniqueIdentifier>
    </Filter>
    <Filter Include="소스 파일\RenderPipeline">
      <UniqueIdentifier>{cea95f2f-752d-402a-94c2-b968d5e2b6c6}</UniqueIdentifier>
    </Filter>
    <Filter Include="소스 파일\04.Shader">
      <UniqueIdentifier>{cd4ce464-234d-4b61-a551-56b301b4c421}</UniqueIdentifier>
    </Filter>
    <Filter Include="소스 파일\Manager\Timer">
      <UniqueIdentifier>{702788bc-6908-471e-90e7-1571754658a5}</UniqueIdentifier>
    </Filter>
    <Filter Include="소스 파일\Camera">
      <UniqueIdentifier>{458dff67-cf0a-499a-83ae-de010c9ddc09}</UniqueIdentifier>
    </Filter>
    <Filter Include="소스 파일\Manager\InputManager">
      <UniqueIdentifier>{ef561bf6-07d2-4683-b619-63e1b3175708}</UniqueIdentifier>
    </Filter>
  </ItemGroup>
  <ItemGroup>
    <ClCompile Include="main.cpp">
      <Filter>소스 파일</Filter>
    </ClCompile>
    <ClCompile Include="Framework.cpp">
      <Filter>소스 파일\Framework</Filter>
    </ClCompile>
    <ClCompile Include="Debuger.cpp">
      <Filter>소스 파일\Debuger</Filter>
    </ClCompile>
    <ClCompile Include="Object.cpp">
      <Filter>소스 파일\01.Object</Filter>
    </ClCompile>
    <ClCompile Include="Buffer.cpp">
      <Filter>소스 파일\02.Buffer</Filter>
    </ClCompile>
    <ClCompile Include="Mesh.cpp">
      <Filter>소스 파일\Mesh</Filter>
    </ClCompile>
    <ClCompile Include="stdafx.cpp">
      <Filter>소스 파일\PCH</Filter>
    </ClCompile>
    <ClCompile Include="Renderer.cpp">
      <Filter>소스 파일\Manager\Renderer</Filter>
    </ClCompile>
    <ClCompile Include="DeviceManager.cpp">
      <Filter>소스 파일\Manager\DeviceManager</Filter>
    </ClCompile>
    <ClCompile Include="VertexBuffer.cpp">
      <Filter>소스 파일\02.Buffer\VertexBuffer</Filter>
    </ClCompile>
    <ClCompile Include="GADBuffer.cpp">
      <Filter>소스 파일\02.Buffer\GADBuffer</Filter>
    </ClCompile>
    <ClCompile Include="InstancingBuffer.cpp">
      <Filter>소스 파일\02.Buffer\InstancingBuffer</Filter>
    </ClCompile>
    <ClCompile Include="IndexBuffer.cpp">
      <Filter>소스 파일\02.Buffer\IndexBuffer</Filter>
    </ClCompile>
    <ClCompile Include="UniformBuffer.cpp">
      <Filter>소스 파일\02.Buffer\UniformBuffer</Filter>
    </ClCompile>
    <ClCompile Include="Texture.cpp">
      <Filter>소스 파일\03. Texture</Filter>
    </ClCompile>
    <ClCompile Include="RenderPipeline.cpp">
      <Filter>소스 파일\RenderPipeline</Filter>
    </ClCompile>
    <ClCompile Include="Shader.cpp">
      <Filter>소스 파일\04.Shader</Filter>
    </ClCompile>
    <ClCompile Include="GameObject.cpp">
      <Filter>소스 파일\GameObject</Filter>
    </ClCompile>
    <ClCompile Include="Timer.cpp">
      <Filter>소스 파일\Manager\Timer</Filter>
    </ClCompile>
    <ClCompile Include="RenderContainer.cpp">
      <Filter>소스 파일\RenderContainer</Filter>
    </ClCompile>
    <ClCompile Include="Camera.cpp">
      <Filter>소스 파일\Camera</Filter>
    </ClCompile>
    <ClCompile Include="InputManager.cpp">
      <Filter>소스 파일\Manager\InputManager</Filter>
    </ClCompile>
  </ItemGroup>
  <ItemGroup>
    <ClInclude Include="shared.h">
      <Filter>소스 파일\shared</Filter>
    </ClInclude>
    <ClInclude Include="Framework.h">
      <Filter>소스 파일\Framework</Filter>
    </ClInclude>
    <ClInclude Include="Debuger.h">
      <Filter>소스 파일\Debuger</Filter>
    </ClInclude>
    <ClInclude Include="Object.h">
      <Filter>소스 파일\01.Object</Filter>
    </ClInclude>
    <ClInclude Include="Buffer.h">
      <Filter>소스 파일\02.Buffer</Filter>
    </ClInclude>
    <ClInclude Include="Mesh.h">
      <Filter>소스 파일\Mesh</Filter>
    </ClInclude>
    <ClInclude Include="stdafx.h">
      <Filter>소스 파일\PCH</Filter>
    </ClInclude>
    <ClInclude Include="Singleton.h">
      <Filter>소스 파일\Manager</Filter>
    </ClInclude>
    <ClInclude Include="Vertex.h">
      <Filter>소스 파일\Data</Filter>
    </ClInclude>
    <ClInclude Include="Renderer.h">
      <Filter>소스 파일\Manager\Renderer</Filter>
    </ClInclude>
    <ClInclude Include="DeviceManager.h">
      <Filter>소스 파일\Manager\DeviceManager</Filter>
    </ClInclude>
    <ClInclude Include="VertexBuffer.h">
      <Filter>소스 파일\02.Buffer\VertexBuffer</Filter>
    </ClInclude>
    <ClInclude Include="GADBuffer.h">
      <Filter>소스 파일\02.Buffer\GADBuffer</Filter>
    </ClInclude>
    <ClInclude Include="InstancingBuffer.h">
      <Filter>소스 파일\02.Buffer\InstancingBuffer</Filter>
    </ClInclude>
    <ClInclude Include="IndexBuffer.h">
      <Filter>소스 파일\02.Buffer\IndexBuffer</Filter>
    </ClInclude>
    <ClInclude Include="UniformBuffer.h">
      <Filter>소스 파일\02.Buffer\UniformBuffer</Filter>
    </ClInclude>
    <ClInclude Include="Texture.h">
      <Filter>소스 파일\03. Texture</Filter>
    </ClInclude>
    <ClInclude Include="RenderPipeline.h">
      <Filter>소스 파일\RenderPipeline</Filter>
    </ClInclude>
    <ClInclude Include="Shader.h">
      <Filter>소스 파일\04.Shader</Filter>
    </ClInclude>
    <ClInclude Include="GameObject.h">
      <Filter>소스 파일\GameObject</Filter>
    </ClInclude>
    <ClInclude Include="Timer.h">
      <Filter>소스 파일\Manager\Timer</Filter>
    </ClInclude>
    <ClInclude Include="RenderContainer.h">
      <Filter>소스 파일\RenderContainer</Filter>
    </ClInclude>
    <ClInclude Include="Camera.h">
      <Filter>소스 파일\Camera</Filter>
    </ClInclude>
    <ClInclude Include="InputManager.h">
      <Filter>소스 파일\Manager\InputManager</Filter>
    </ClInclude>
  </ItemGroup>
  <ItemGroup>
    <None Include="shaders\shader.frag">
      <Filter>리소스 파일</Filter>
    </None>
    <None Include="shaders\shader.vert">
      <Filter>리소스 파일</Filter>
    </None>
    <None Include="shaders\shader.bat">
      <Filter>리소스 파일</Filter>
    </None>
  </ItemGroup>
</Project>