<?xml version="1.0" encoding="utf-8"?>
<Project ToolsVersion="4.0" xmlns="http://schemas.microsoft.com/developer/msbuild/2003">
  <ItemGroup>
    <Filter Include="소스 파일">
      <UniqueIdentifier>{4FC737F1-C7A5-4376-A066-2A32D752A2FF}</UniqueIdentifier>
      <Extensions>cpp;c;cc;cxx;def;odl;idl;hpj;bat;asm;asmx</Extensions>
    </Filter>
    <Filter Include="헤더 파일">
      <UniqueIdentifier>{93995380-89BD-4b04-88EB-625FBE52EBFB}</UniqueIdentifier>
      <Extensions>h;hh;hpp;hxx;hm;inl;inc;ipp;xsd</Extensions>
    </Filter>
    <Filter Include="리소스 파일">
      <UniqueIdentifier>{67DA6AB6-F800-4c08-8B7A-83BB121AAD01}</UniqueIdentifier>
      <Extensions>rc;ico;cur;bmp;dlg;rc2;rct;bin;rgs;gif;jpg;jpeg;jpe;resx;tiff;tif;png;wav;mfcribbon-ms</Extensions>
    </Filter>
    <Filter Include="소스 파일\shared">
      <UniqueIdentifier>{0c8a4951-74f7-4d5c-8d17-b28a5dc83b7d}</UniqueIdentifier>
    </Filter>
    <Filter Include="소스 파일\Framework">
      <UniqueIdentifier>{0b01b8df-05b7-4e98-bda1-dd9d8176bbf1}</UniqueIdentifier>
    </Filter>
    <Filter Include="소스 파일\Debuger">
      <UniqueIdentifier>{f8379b77-edd3-41c8-a09c-b640cf13383d}</UniqueIdentifier>
    </Filter>
    <Filter Include="소스 파일\01.Object">
      <UniqueIdentifier>{2f4c9ad4-310d-4827-98ae-afbf3a4af59f}</UniqueIdentifier>
    </Filter>
    <Filter Include="소스 파일\02.Buffer">
      <UniqueIdentifier>{fef4a1f8-54df-4f28-b313-b0358fe744e3}</UniqueIdentifier>
    </Filter>
    <Filter Include="소스 파일\Mesh">
      <UniqueIdentifier>{acd81791-d683-4865-9f3a-3326b9b5f957}</UniqueIdentifier>
    </Filter>
    <Filter Include="소스 파일\PCH">
      <UniqueIdentifier>{1f19d951-636b-49f7-99b3-066971d3bc45}</UniqueIdentifier>
    </Filter>
    <Filter Include="소스 파일\Manager">
      <UniqueIdentifier>{f17308c3-a493-418f-9625-8fd44df7dbcf}</UniqueIdentifier>
    </Filter>
    <Filter Include="소스 파일\Manager\DeviceManager">
      <UniqueIdentifier>{3bc03b0a-7f36-46b1-88b4-6881acf27171}</UniqueIdentifier>
    </Filter>
    <Filter Include="소스 파일\Data">
      <UniqueIdentifier>{5af11df9-5472-47b4-807d-b19c0dbd4143}</UniqueIdentifier>
    </Filter>
    <Filter Include="소스 파일\Manager\Renderer">
      <UniqueIdentifier>{0a50bd63-b12b-4e35-b8ef-92d059007e27}</UniqueIdentifier>
    </Filter>
    <Filter Include="소스 파일\GAD">
      <UniqueIdentifier>{fe7b5ebd-504f-413f-a161-a7ec42ec0f18}</UniqueIdentifier>
    </Filter>
    <Filter Include="소스 파일\GAD\GADEngine">
      <UniqueIdentifier>{8010444f-2017-4949-9480-4ce7904acfbe}</UniqueIdentifier>
    </Filter>
    <Filter Include="소스 파일\GAD\GADEngine\GADRenderSystem">
      <UniqueIdentifier>{a5928b5a-e052-4bfa-b8da-ada25cf1fbbf}</UniqueIdentifier>
    </Filter>
    <Filter Include="소스 파일\GAD\GADBased">
      <UniqueIdentifier>{3df6cd2f-cae6-4368-bac1-4026b565c7c2}</UniqueIdentifier>
    </Filter>
    <Filter Include="소스 파일\GAD\GADBased\ECS">
      <UniqueIdentifier>{4b378c67-3e69-4c3c-9d7e-5c0cfe123ca9}</UniqueIdentifier>
    </Filter>
    <Filter Include="소스 파일\GAD\GADBased\ECS\Entity">
      <UniqueIdentifier>{29a3ff78-43bc-422f-953c-32dc00ed8cff}</UniqueIdentifier>
    </Filter>
    <Filter Include="소스 파일\GAD\GADBased\ECS\Entity\GADEntity">
      <UniqueIdentifier>{11c4030c-987f-4e80-80eb-06089c44ca8d}</UniqueIdentifier>
    </Filter>
    <Filter Include="소스 파일\GAD\GADBased\ECS\Entity\GADEntityManager">
      <UniqueIdentifier>{3ecd7a94-4818-4258-9328-19ada19013f8}</UniqueIdentifier>
    </Filter>
    <Filter Include="소스 파일\GAD\GADBased\ECS\Entity\GADEntityHandle">
      <UniqueIdentifier>{dd6d9e0d-15d3-4789-a8e8-372023cc9119}</UniqueIdentifier>
    </Filter>
    <Filter Include="소스 파일\GAD\GADBased\ECS\Entity\GADEntityMap">
      <UniqueIdentifier>{842b72eb-901f-452b-a313-dd76418296ff}</UniqueIdentifier>
    </Filter>
    <Filter Include="소스 파일\GAD\GADBased\ECS\Component">
      <UniqueIdentifier>{35060e43-c630-43b4-b5b6-fc1969d501f6}</UniqueIdentifier>
    </Filter>
    <Filter Include="소스 파일\GAD\GADBased\ECS\Component\GADComponentHandle">
      <UniqueIdentifier>{6c13435b-64ee-4728-9a5b-e28d96604a60}</UniqueIdentifier>
    </Filter>
    <Filter Include="소스 파일\GAD\GADBased\ECS\Component\GADComponentManager">
      <UniqueIdentifier>{4c8b095a-d8f5-4c3f-82a5-26c027f83ae9}</UniqueIdentifier>
    </Filter>
    <Filter Include="소스 파일\GAD\GADBased\ECS\Component\GADComponent">
      <UniqueIdentifier>{3943176a-bcdc-4346-9746-19e3ba28c539}</UniqueIdentifier>
    </Filter>
    <Filter Include="소스 파일\GAD\GADBased\ECS\Component\GADComponentMask">
      <UniqueIdentifier>{87fadcc8-44e5-4ede-b8bf-ab389a0bb46f}</UniqueIdentifier>
    </Filter>
    <Filter Include="소스 파일\GAD\GADBased\ECS\World">
      <UniqueIdentifier>{a32eb510-8b46-4da4-9b3a-211488ce6907}</UniqueIdentifier>
    </Filter>
    <Filter Include="소스 파일\GAD\GADBased\ECS\System">
      <UniqueIdentifier>{1f63be72-1634-49b8-9b60-9e21c318212e}</UniqueIdentifier>
    </Filter>
    <Filter Include="소스 파일\GAD\GADBased\ECS\System\GADSystem">
      <UniqueIdentifier>{acba4d0a-0f8e-44e0-9e73-226489a00f2e}</UniqueIdentifier>
    </Filter>
    <Filter Include="소스 파일\GAD\GADEngine\GADRenderComponent">
      <UniqueIdentifier>{99544ed4-b889-455a-8ecb-c597a5c6ea01}</UniqueIdentifier>
    </Filter>
  </ItemGroup>
  <ItemGroup>
    <ClCompile Include="Framework.cpp">
      <Filter>소스 파일\Framework</Filter>
    </ClCompile>
    <ClCompile Include="Debuger.cpp">
      <Filter>소스 파일\Debuger</Filter>
    </ClCompile>
    <ClCompile Include="Object.cpp">
      <Filter>소스 파일\01.Object</Filter>
    </ClCompile>
    <ClCompile Include="Buffer.cpp">
      <Filter>소스 파일\02.Buffer</Filter>
    </ClCompile>
    <ClCompile Include="Mesh.cpp">
      <Filter>소스 파일\Mesh</Filter>
    </ClCompile>
    <ClCompile Include="stdafx.cpp">
      <Filter>소스 파일\PCH</Filter>
    </ClCompile>
    <ClCompile Include="Renderer.cpp">
      <Filter>소스 파일\Manager\Renderer</Filter>
    </ClCompile>
    <ClCompile Include="DeviceManager.cpp">
      <Filter>소스 파일\Manager\DeviceManager</Filter>
    </ClCompile>
    <ClCompile Include="main.cpp">
      <Filter>소스 파일</Filter>
    </ClCompile>
    <ClCompile Include="GADEntity.cpp">
      <Filter>소스 파일\GAD\GADBased\ECS\Entity\GADEntity</Filter>
    </ClCompile>
    <ClCompile Include="GADEntityManager.cpp">
      <Filter>소스 파일\GAD\GADBased\ECS\Entity\GADEntityManager</Filter>
    </ClCompile>
    <ClCompile Include="GADWorld.cpp">
      <Filter>소스 파일\GAD\GADBased\ECS\World</Filter>
    </ClCompile>
    <ClCompile Include="GADEntityHandle.cpp">
      <Filter>소스 파일\GAD\GADBased\ECS\Entity\GADEntityHandle</Filter>
    </ClCompile>
    <ClCompile Include="GADComponentManager.cpp">
      <Filter>소스 파일\GAD\GADBased\ECS\Component\GADComponentManager</Filter>
    </ClCompile>
    <ClCompile Include="GADComponentHandle.cpp">
      <Filter>소스 파일\GAD\GADBased\ECS\Component\GADComponentHandle</Filter>
    </ClCompile>
    <ClCompile Include="GADSystem.cpp">
      <Filter>소스 파일\GAD\GADBased\ECS\System\GADSystem</Filter>
    </ClCompile>
    <ClCompile Include="GADEntityMap.cpp">
      <Filter>소스 파일\GAD\GADBased\ECS\Entity\GADEntityMap</Filter>
    </ClCompile>
    <ClCompile Include="GADComponent.cpp">
      <Filter>소스 파일\GAD\GADBased\ECS\Component\GADComponent</Filter>
    </ClCompile>
    <ClCompile Include="GADComponentMask.cpp">
      <Filter>소스 파일</Filter>
    </ClCompile>
    <ClCompile Include="GADRenderSystem.cpp">
      <Filter>소스 파일\GAD\GADEngine\GADRenderSystem</Filter>
    </ClCompile>
    <ClCompile Include="GADRenderComponent.cpp">
      <Filter>소스 파일\GAD\GADEngine\GADRenderComponent</Filter>
    </ClCompile>
  </ItemGroup>
  <ItemGroup>
    <ClInclude Include="shared.h">
      <Filter>소스 파일\shared</Filter>
    </ClInclude>
    <ClInclude Include="Framework.h">
      <Filter>소스 파일\Framework</Filter>
    </ClInclude>
    <ClInclude Include="Debuger.h">
      <Filter>소스 파일\Debuger</Filter>
    </ClInclude>
    <ClInclude Include="Object.h">
      <Filter>소스 파일\01.Object</Filter>
    </ClInclude>
    <ClInclude Include="Buffer.h">
      <Filter>소스 파일\02.Buffer</Filter>
    </ClInclude>
    <ClInclude Include="Mesh.h">
      <Filter>소스 파일\Mesh</Filter>
    </ClInclude>
    <ClInclude Include="stdafx.h">
      <Filter>소스 파일\PCH</Filter>
    </ClInclude>
    <ClInclude Include="Singleton.h">
      <Filter>소스 파일\Manager</Filter>
    </ClInclude>
    <ClInclude Include="Vertex.h">
      <Filter>소스 파일\Data</Filter>
    </ClInclude>
    <ClInclude Include="Renderer.h">
      <Filter>소스 파일\Manager\Renderer</Filter>
    </ClInclude>
    <ClInclude Include="DeviceManager.h">
      <Filter>소스 파일\Manager\DeviceManager</Filter>
    </ClInclude>
    <ClInclude Include="GADEntity.h">
      <Filter>소스 파일\GAD\GADBased\ECS\Entity\GADEntity</Filter>
    </ClInclude>
    <ClInclude Include="GADEntityManager.h">
      <Filter>소스 파일\GAD\GADBased\ECS\Entity\GADEntityManager</Filter>
    </ClInclude>
    <ClInclude Include="GADWorld.h">
      <Filter>소스 파일\GAD\GADBased\ECS\World</Filter>
    </ClInclude>
    <ClInclude Include="GADEntityHandle.h">
      <Filter>소스 파일\GAD\GADBased\ECS\Entity\GADEntityHandle</Filter>
    </ClInclude>
    <ClInclude Include="GADComponentManager.h">
      <Filter>소스 파일\GAD\GADBased\ECS\Component\GADComponentManager</Filter>
    </ClInclude>
    <ClInclude Include="GADComponentHandle.h">
      <Filter>소스 파일\GAD\GADBased\ECS\Component\GADComponentHandle</Filter>
    </ClInclude>
    <ClInclude Include="GADSystem.h">
      <Filter>소스 파일\GAD\GADBased\ECS\System\GADSystem</Filter>
    </ClInclude>
    <ClInclude Include="GADEntityMap.h">
      <Filter>소스 파일\GAD\GADBased\ECS\Entity\GADEntityMap</Filter>
    </ClInclude>
    <ClInclude Include="GADComponent.h">
      <Filter>소스 파일\GAD\GADBased\ECS\Component\GADComponent</Filter>
    </ClInclude>
    <ClInclude Include="GADComponentMask.h">
      <Filter>헤더 파일</Filter>
    </ClInclude>
    <ClInclude Include="GADBasedECS.h">
      <Filter>소스 파일\GAD\GADBased\ECS</Filter>
    </ClInclude>
    <ClInclude Include="GADRenderSystem.h">
      <Filter>소스 파일\GAD\GADEngine\GADRenderSystem</Filter>
    </ClInclude>
    <ClInclude Include="GADRenderComponent.h">
      <Filter>소스 파일\GAD\GADEngine\GADRenderComponent</Filter>
    </ClInclude>
  </ItemGroup>
  <ItemGroup>
    <None Include="shaders\shader.frag">
      <Filter>리소스 파일</Filter>
    </None>
    <None Include="shaders\shader.vert">
      <Filter>리소스 파일</Filter>
    </None>
  </ItemGroup>
</Project>