<?xml version="1.0" encoding="utf-8"?>
<Project ToolsVersion="4.0" xmlns="http://schemas.microsoft.com/developer/msbuild/2003">
  <ItemGroup>
    <Filter Include="소스 파일">
      <UniqueIdentifier>{4FC737F1-C7A5-4376-A066-2A32D752A2FF}</UniqueIdentifier>
      <Extensions>cpp;c;cc;cxx;def;odl;idl;hpj;bat;asm;asmx</Extensions>
    </Filter>
    <Filter Include="헤더 파일">
      <UniqueIdentifier>{93995380-89BD-4b04-88EB-625FBE52EBFB}</UniqueIdentifier>
      <Extensions>h;hh;hpp;hxx;hm;inl;inc;ipp;xsd</Extensions>
    </Filter>
    <Filter Include="리소스 파일">
      <UniqueIdentifier>{67DA6AB6-F800-4c08-8B7A-83BB121AAD01}</UniqueIdentifier>
      <Extensions>rc;ico;cur;bmp;dlg;rc2;rct;bin;rgs;gif;jpg;jpeg;jpe;resx;tiff;tif;png;wav;mfcribbon-ms</Extensions>
    </Filter>
    <Filter Include="소스 파일\shared">
      <UniqueIdentifier>{0c8a4951-74f7-4d5c-8d17-b28a5dc83b7d}</UniqueIdentifier>
    </Filter>
    <Filter Include="소스 파일\Framework">
      <UniqueIdentifier>{0b01b8df-05b7-4e98-bda1-dd9d8176bbf1}</UniqueIdentifier>
    </Filter>
    <Filter Include="소스 파일\Debuger">
      <UniqueIdentifier>{f8379b77-edd3-41c8-a09c-b640cf13383d}</UniqueIdentifier>
    </Filter>
    <Filter Include="소스 파일\01.Object">
      <UniqueIdentifier>{2f4c9ad4-310d-4827-98ae-afbf3a4af59f}</UniqueIdentifier>
    </Filter>
    <Filter Include="소스 파일\02.Buffer">
      <UniqueIdentifier>{fef4a1f8-54df-4f28-b313-b0358fe744e3}</UniqueIdentifier>
    </Filter>
    <Filter Include="소스 파일\Mesh">
      <UniqueIdentifier>{acd81791-d683-4865-9f3a-3326b9b5f957}</UniqueIdentifier>
    </Filter>
    <Filter Include="소스 파일\PCH">
      <UniqueIdentifier>{1f19d951-636b-49f7-99b3-066971d3bc45}</UniqueIdentifier>
    </Filter>
    <Filter Include="소스 파일\Manager">
      <UniqueIdentifier>{f17308c3-a493-418f-9625-8fd44df7dbcf}</UniqueIdentifier>
    </Filter>
    <Filter Include="소스 파일\Manager\DeviceManager">
      <UniqueIdentifier>{3bc03b0a-7f36-46b1-88b4-6881acf27171}</UniqueIdentifier>
    </Filter>
    <Filter Include="소스 파일\Data">
      <UniqueIdentifier>{5af11df9-5472-47b4-807d-b19c0dbd4143}</UniqueIdentifier>
    </Filter>
    <Filter Include="소스 파일\Manager\Renderer">
      <UniqueIdentifier>{0a50bd63-b12b-4e35-b8ef-92d059007e27}</UniqueIdentifier>
    </Filter>
    <Filter Include="소스 파일\GADBased">
      <UniqueIdentifier>{a97c1290-25dc-4550-9b78-3b4f625bfbe0}</UniqueIdentifier>
    </Filter>
    <Filter Include="소스 파일\GADBased\00.World">
      <UniqueIdentifier>{f280a7b8-b3ff-4201-a8a9-3aa4e3a29207}</UniqueIdentifier>
    </Filter>
    <Filter Include="소스 파일\GADBased\01.Entity">
      <UniqueIdentifier>{8039578c-9edc-46c6-bfb7-17d3709fc7f0}</UniqueIdentifier>
    </Filter>
    <Filter Include="소스 파일\GADBased\01.Entity\01_1.Component">
      <UniqueIdentifier>{b34f6019-0a49-4a01-9395-5cbc1e0b2d6e}</UniqueIdentifier>
    </Filter>
    <Filter Include="소스 파일\GADBased\02.System">
      <UniqueIdentifier>{c219109c-1f88-4153-9332-8992ce0c890c}</UniqueIdentifier>
    </Filter>
    <Filter Include="소스 파일\GADBased\03. Helper">
      <UniqueIdentifier>{50af4d88-41ab-4b4e-a6ca-2efc29dee66f}</UniqueIdentifier>
    </Filter>
    <Filter Include="소스 파일\GADBased\01.Entity\EntityManager">
      <UniqueIdentifier>{3778f196-8f3b-48ea-9707-145616f13333}</UniqueIdentifier>
    </Filter>
    <Filter Include="소스 파일\GADBased\02.System\SystemManager">
      <UniqueIdentifier>{90f877ea-7251-481f-9a6a-f3f78142e2f2}</UniqueIdentifier>
    </Filter>
    <Filter Include="소스 파일\GADBased\01.Entity\01_1.Component\ComponentManager">
      <UniqueIdentifier>{a3ae58a9-efde-4f2e-92f5-6800f27681a1}</UniqueIdentifier>
    </Filter>
    <Filter Include="소스 파일\GADEngine">
      <UniqueIdentifier>{b511abcc-6ee0-4d3b-9fe2-65ee297ff7c1}</UniqueIdentifier>
    </Filter>
    <Filter Include="소스 파일\GADBased\01.Entity\01_2. GADEntityHandle">
      <UniqueIdentifier>{db76884c-b5b3-466c-8a8e-80e1742b34a9}</UniqueIdentifier>
    </Filter>
    <Filter Include="소스 파일\GADBased\01.Entity\01_1.Component\ComponentHandle">
      <UniqueIdentifier>{d5fe64c1-e85d-4d2b-aa1b-7f3612cae4d0}</UniqueIdentifier>
    </Filter>
  </ItemGroup>
  <ItemGroup>
    <ClCompile Include="Framework.cpp">
      <Filter>소스 파일\Framework</Filter>
    </ClCompile>
    <ClCompile Include="Debuger.cpp">
      <Filter>소스 파일\Debuger</Filter>
    </ClCompile>
    <ClCompile Include="Object.cpp">
      <Filter>소스 파일\01.Object</Filter>
    </ClCompile>
    <ClCompile Include="Buffer.cpp">
      <Filter>소스 파일\02.Buffer</Filter>
    </ClCompile>
    <ClCompile Include="Mesh.cpp">
      <Filter>소스 파일\Mesh</Filter>
    </ClCompile>
    <ClCompile Include="stdafx.cpp">
      <Filter>소스 파일\PCH</Filter>
    </ClCompile>
    <ClCompile Include="Renderer.cpp">
      <Filter>소스 파일\Manager\Renderer</Filter>
    </ClCompile>
    <ClCompile Include="DeviceManager.cpp">
      <Filter>소스 파일\Manager\DeviceManager</Filter>
    </ClCompile>
    <ClCompile Include="main.cpp">
      <Filter>소스 파일</Filter>
    </ClCompile>
    <ClCompile Include="GADEntity.cpp">
      <Filter>소스 파일\GADBased\01.Entity</Filter>
    </ClCompile>
    <ClCompile Include="GADWorld.cpp">
      <Filter>소스 파일\GADBased\00.World</Filter>
    </ClCompile>
    <ClCompile Include="GADSystem.cpp">
      <Filter>소스 파일\GADBased\02.System</Filter>
    </ClCompile>
    <ClCompile Include="GADComponent.cpp">
      <Filter>소스 파일\GADBased\01.Entity\01_1.Component</Filter>
    </ClCompile>
    <ClCompile Include="GADEntityManager.cpp">
      <Filter>소스 파일\GADBased\01.Entity\EntityManager</Filter>
    </ClCompile>
    <ClCompile Include="GADSystemManager.cpp">
      <Filter>소스 파일\GADBased\02.System\SystemManager</Filter>
    </ClCompile>
    <ClCompile Include="GADBase.cpp">
      <Filter>소스 파일\GADBased</Filter>
    </ClCompile>
    <ClCompile Include="GADComponentManager.cpp">
      <Filter>소스 파일\GADBased\01.Entity\01_1.Component\ComponentManager</Filter>
    </ClCompile>
    <ClCompile Include="GADEntityHandle.cpp">
      <Filter>소스 파일\GADBased\01.Entity\01_2. GADEntityHandle</Filter>
    </ClCompile>
    <ClCompile Include="TestComponent.cpp">
      <Filter>소스 파일\GADEngine</Filter>
    </ClCompile>
    <ClCompile Include="GADComponentHandle.cpp">
      <Filter>소스 파일\GADBased\01.Entity\01_1.Component\ComponentHandle</Filter>
    </ClCompile>
  </ItemGroup>
  <ItemGroup>
    <ClInclude Include="shared.h">
      <Filter>소스 파일\shared</Filter>
    </ClInclude>
    <ClInclude Include="Framework.h">
      <Filter>소스 파일\Framework</Filter>
    </ClInclude>
    <ClInclude Include="Debuger.h">
      <Filter>소스 파일\Debuger</Filter>
    </ClInclude>
    <ClInclude Include="Object.h">
      <Filter>소스 파일\01.Object</Filter>
    </ClInclude>
    <ClInclude Include="Buffer.h">
      <Filter>소스 파일\02.Buffer</Filter>
    </ClInclude>
    <ClInclude Include="Mesh.h">
      <Filter>소스 파일\Mesh</Filter>
    </ClInclude>
    <ClInclude Include="stdafx.h">
      <Filter>소스 파일\PCH</Filter>
    </ClInclude>
    <ClInclude Include="Singleton.h">
      <Filter>소스 파일\Manager</Filter>
    </ClInclude>
    <ClInclude Include="Vertex.h">
      <Filter>소스 파일\Data</Filter>
    </ClInclude>
    <ClInclude Include="Renderer.h">
      <Filter>소스 파일\Manager\Renderer</Filter>
    </ClInclude>
    <ClInclude Include="DeviceManager.h">
      <Filter>소스 파일\Manager\DeviceManager</Filter>
    </ClInclude>
    <ClInclude Include="GADEntity.h">
      <Filter>소스 파일\GADBased\01.Entity</Filter>
    </ClInclude>
    <ClInclude Include="GADWorld.h">
      <Filter>소스 파일\GADBased\00.World</Filter>
    </ClInclude>
    <ClInclude Include="GADSystem.h">
      <Filter>소스 파일\GADBased\02.System</Filter>
    </ClInclude>
    <ClInclude Include="GADComponent.h">
      <Filter>소스 파일\GADBased\01.Entity\01_1.Component</Filter>
    </ClInclude>
    <ClInclude Include="GADHelper.h">
      <Filter>소스 파일\GADBased\03. Helper</Filter>
    </ClInclude>
    <ClInclude Include="GADEntityManager.h">
      <Filter>소스 파일\GADBased\01.Entity\EntityManager</Filter>
    </ClInclude>
    <ClInclude Include="GADSystemManager.h">
      <Filter>소스 파일\GADBased\02.System\SystemManager</Filter>
    </ClInclude>
    <ClInclude Include="GADBase.h">
      <Filter>소스 파일\GADBased</Filter>
    </ClInclude>
    <ClInclude Include="GADComponentManager.h">
      <Filter>소스 파일\GADBased\01.Entity\01_1.Component\ComponentManager</Filter>
    </ClInclude>
    <ClInclude Include="GADEntityHandle.h">
      <Filter>소스 파일\GADBased\01.Entity\01_2. GADEntityHandle</Filter>
    </ClInclude>
    <ClInclude Include="TestComponent.h">
      <Filter>소스 파일\GADEngine</Filter>
    </ClInclude>
    <ClInclude Include="GADComponentHandle.h">
      <Filter>소스 파일\GADBased\01.Entity\01_1.Component\ComponentHandle</Filter>
    </ClInclude>
  </ItemGroup>
  <ItemGroup>
    <None Include="shaders\shader.frag">
      <Filter>리소스 파일</Filter>
    </None>
    <None Include="shaders\shader.vert">
      <Filter>리소스 파일</Filter>
    </None>
  </ItemGroup>
</Project>