Microsoft Visual Studio Solution File, Format Version 12.00
# Visual Studio 15
Project("{2150E333-8FDC-42A3-9474-1A3956D46DE8}") = "CMakePredefinedTargets", "CMakePredefinedTargets", "{D75633F1-14CC-36F5-8CA5-97D807CB595F}"
EndProject
Project("{2150E333-8FDC-42A3-9474-1A3956D46DE8}") = "CTestDashboardTargets", "CTestDashboardTargets", "{232D5078-DB32-384F-9AC2-76EBF4227245}"
EndProject
Project("{2150E333-8FDC-42A3-9474-1A3956D46DE8}") = "SPIRV-Tools build", "SPIRV-Tools build", "{1465ACDD-FED0-356C-BF9A-CEC2E0AD4529}"
EndProject
Project("{2150E333-8FDC-42A3-9474-1A3956D46DE8}") = "SPIRV-Tools examples", "SPIRV-Tools examples", "{298E91D3-7317-3E40-B6DB-F333CF32F234}"
EndProject
Project("{2150E333-8FDC-42A3-9474-1A3956D46DE8}") = "SPIRV-Tools executables", "SPIRV-Tools executables", "{83CF0381-42CE-3E2C-9465-56BCDEC5740F}"
EndProject
Project("{2150E333-8FDC-42A3-9474-1A3956D46DE8}") = "SPIRV-Tools libraries", "SPIRV-Tools libraries", "{819DFAC2-48DC-3211-A350-E19075908318}"
EndProject
Project("{2150E333-8FDC-42A3-9474-1A3956D46DE8}") = "SPIRV-Tools utilities", "SPIRV-Tools utilities", "{2A57F481-366D-3097-8A20-9BE91849069D}"
EndProject
Project("{2150E333-8FDC-42A3-9474-1A3956D46DE8}") = "glslang", "glslang", "{BF2158AD-7942-3663-9E5D-402EFF740136}"
EndProject
Project("{2150E333-8FDC-42A3-9474-1A3956D46DE8}") = "hlsl", "hlsl", "{0EFA4B8D-9417-32AD-A65D-8177A3AE959B}"
EndProject
Project("{2150E333-8FDC-42A3-9474-1A3956D46DE8}") = "tools", "tools", "{8501DBDF-D9FE-3392-8D0B-C5FFD72EB5E5}"
EndProject
Project("{8BC9CEB8-8B4A-11D0-8D11-00A0C91BC942}") = "ALL_BUILD", "ALL_BUILD.vcxproj", "{AF767D04-E6E4-3BF3-8D0E-73C28BB321DD}"
	ProjectSection(ProjectDependencies) = postProject
		{F95E35EA-28A3-306B-88A3-76A3E9981761} = {F95E35EA-28A3-306B-88A3-76A3E9981761}
		{9DC0FD9E-0D9C-3C8F-9787-8C6FAC1664EE} = {9DC0FD9E-0D9C-3C8F-9787-8C6FAC1664EE}
		{03E9B3C2-9C3B-3EB3-A21A-1C16FC979FEE} = {03E9B3C2-9C3B-3EB3-A21A-1C16FC979FEE}
		{16339276-B089-3147-88A2-4E7F8831D9BD} = {16339276-B089-3147-88A2-4E7F8831D9BD}
		{D9D6470A-BC7F-317A-A321-125DD88E9B15} = {D9D6470A-BC7F-317A-A321-125DD88E9B15}
		{EAFF33F1-60AF-39A5-8FF7-0365E4E7CAF4} = {EAFF33F1-60AF-39A5-8FF7-0365E4E7CAF4}
		{DCC3ACB2-8E3F-3F76-860F-FFF7CB59043B} = {DCC3ACB2-8E3F-3F76-860F-FFF7CB59043B}
		{68995AE1-1B91-31BA-8B5D-61B7919D5F4D} = {68995AE1-1B91-31BA-8B5D-61B7919D5F4D}
		{BAA6AD1F-F232-32E3-A27F-1AA921BD22F9} = {BAA6AD1F-F232-32E3-A27F-1AA921BD22F9}
		{C76FE9B5-8F3F-37B1-98D5-1CBD5ECB9497} = {C76FE9B5-8F3F-37B1-98D5-1CBD5ECB9497}
		{EF85F69E-8635-3F76-BD9E-DCC577D7FA45} = {EF85F69E-8635-3F76-BD9E-DCC577D7FA45}
		{4FF3969D-79E7-3623-844A-CC9D2D1E3C52} = {4FF3969D-79E7-3623-844A-CC9D2D1E3C52}
		{6689ECB6-24C0-3D96-B82F-6A7BBA6E613F} = {6689ECB6-24C0-3D96-B82F-6A7BBA6E613F}
		{C76A9FB0-B31C-359F-A3ED-147511ADF058} = {C76A9FB0-B31C-359F-A3ED-147511ADF058}
		{D509EA87-9B84-35DB-8A2B-C895F321065A} = {D509EA87-9B84-35DB-8A2B-C895F321065A}
		{5B310E3A-0021-3C44-88BF-8445B2E7DEC0} = {5B310E3A-0021-3C44-88BF-8445B2E7DEC0}
		{60F42232-15A1-3F5A-A1C4-3DDD04EE4F83} = {60F42232-15A1-3F5A-A1C4-3DDD04EE4F83}
		{6C761334-73E0-3A43-B769-ADC631228654} = {6C761334-73E0-3A43-B769-ADC631228654}
		{548875A8-A356-3057-87C6-68EDD700C40B} = {548875A8-A356-3057-87C6-68EDD700C40B}
		{C6F94D82-D7EC-3235-BBEF-9E40185328C6} = {C6F94D82-D7EC-3235-BBEF-9E40185328C6}
		{038BC127-2FCE-3E07-A1A8-AD51124A7C3C} = {038BC127-2FCE-3E07-A1A8-AD51124A7C3C}
		{CB4D576C-CD6B-3A50-BD74-1B4794BDA41F} = {CB4D576C-CD6B-3A50-BD74-1B4794BDA41F}
		{0E8D7D61-AD5D-37BD-B463-14F346A0A355} = {0E8D7D61-AD5D-37BD-B463-14F346A0A355}
		{F8EB9385-3B9A-3F5B-9BED-0ADE4116901E} = {F8EB9385-3B9A-3F5B-9BED-0ADE4116901E}
	EndProjectSection
EndProject
Project("{8BC9CEB8-8B4A-11D0-8D11-00A0C91BC942}") = "Continuous", "Continuous.vcxproj", "{8755DB4E-7BC0-3DDF-852F-8DFF31A2BCA8}"
	ProjectSection(ProjectDependencies) = postProject
		{C76FE9B5-8F3F-37B1-98D5-1CBD5ECB9497} = {C76FE9B5-8F3F-37B1-98D5-1CBD5ECB9497}
	EndProjectSection
EndProject
Project("{8BC9CEB8-8B4A-11D0-8D11-00A0C91BC942}") = "Experimental", "Experimental.vcxproj", "{57D2EEB2-CCF3-360F-8146-CC7E86B2ADDF}"
	ProjectSection(ProjectDependencies) = postProject
		{C76FE9B5-8F3F-37B1-98D5-1CBD5ECB9497} = {C76FE9B5-8F3F-37B1-98D5-1CBD5ECB9497}
	EndProjectSection
EndProject
Project("{8BC9CEB8-8B4A-11D0-8D11-00A0C91BC942}") = "HLSL", "hlsl\HLSL.vcxproj", "{F95E35EA-28A3-306B-88A3-76A3E9981761}"
	ProjectSection(ProjectDependencies) = postProject
		{C76FE9B5-8F3F-37B1-98D5-1CBD5ECB9497} = {C76FE9B5-8F3F-37B1-98D5-1CBD5ECB9497}
	EndProjectSection
EndProject
Project("{8BC9CEB8-8B4A-11D0-8D11-00A0C91BC942}") = "INSTALL", "INSTALL.vcxproj", "{74E6F2C6-838D-3346-BCE4-5AF34BB56F76}"
	ProjectSection(ProjectDependencies) = postProject
		{AF767D04-E6E4-3BF3-8D0E-73C28BB321DD} = {AF767D04-E6E4-3BF3-8D0E-73C28BB321DD}
		{C76FE9B5-8F3F-37B1-98D5-1CBD5ECB9497} = {C76FE9B5-8F3F-37B1-98D5-1CBD5ECB9497}
	EndProjectSection
EndProject
Project("{8BC9CEB8-8B4A-11D0-8D11-00A0C91BC942}") = "Nightly", "Nightly.vcxproj", "{1C957E07-D148-3C0E-A593-2B242CA0CE42}"
	ProjectSection(ProjectDependencies) = postProject
		{C76FE9B5-8F3F-37B1-98D5-1CBD5ECB9497} = {C76FE9B5-8F3F-37B1-98D5-1CBD5ECB9497}
	EndProjectSection
EndProject
Project("{8BC9CEB8-8B4A-11D0-8D11-00A0C91BC942}") = "NightlyMemoryCheck", "NightlyMemoryCheck.vcxproj", "{1D7D120D-E430-3859-B00B-E86405CAE478}"
	ProjectSection(ProjectDependencies) = postProject
		{C76FE9B5-8F3F-37B1-98D5-1CBD5ECB9497} = {C76FE9B5-8F3F-37B1-98D5-1CBD5ECB9497}
	EndProjectSection
EndProject
Project("{8BC9CEB8-8B4A-11D0-8D11-00A0C91BC942}") = "OGLCompiler", "OGLCompilersDLL\OGLCompiler.vcxproj", "{9DC0FD9E-0D9C-3C8F-9787-8C6FAC1664EE}"
	ProjectSection(ProjectDependencies) = postProject
		{C76FE9B5-8F3F-37B1-98D5-1CBD5ECB9497} = {C76FE9B5-8F3F-37B1-98D5-1CBD5ECB9497}
	EndProjectSection
EndProject
Project("{8BC9CEB8-8B4A-11D0-8D11-00A0C91BC942}") = "OSDependent", "glslang\OSDependent\Windows\OSDependent.vcxproj", "{03E9B3C2-9C3B-3EB3-A21A-1C16FC979FEE}"
	ProjectSection(ProjectDependencies) = postProject
		{C76FE9B5-8F3F-37B1-98D5-1CBD5ECB9497} = {C76FE9B5-8F3F-37B1-98D5-1CBD5ECB9497}
	EndProjectSection
EndProject
Project("{8BC9CEB8-8B4A-11D0-8D11-00A0C91BC942}") = "RUN_TESTS", "RUN_TESTS.vcxproj", "{0BB72548-3D23-3180-89A6-AEACA3DD6AE2}"
	ProjectSection(ProjectDependencies) = postProject
		{C76FE9B5-8F3F-37B1-98D5-1CBD5ECB9497} = {C76FE9B5-8F3F-37B1-98D5-1CBD5ECB9497}
	EndProjectSection
EndProject
Project("{8BC9CEB8-8B4A-11D0-8D11-00A0C91BC942}") = "SPIRV", "SPIRV\SPIRV.vcxproj", "{16339276-B089-3147-88A2-4E7F8831D9BD}"
	ProjectSection(ProjectDependencies) = postProject
		{F95E35EA-28A3-306B-88A3-76A3E9981761} = {F95E35EA-28A3-306B-88A3-76A3E9981761}
		{9DC0FD9E-0D9C-3C8F-9787-8C6FAC1664EE} = {9DC0FD9E-0D9C-3C8F-9787-8C6FAC1664EE}
		{03E9B3C2-9C3B-3EB3-A21A-1C16FC979FEE} = {03E9B3C2-9C3B-3EB3-A21A-1C16FC979FEE}
		{D9D6470A-BC7F-317A-A321-125DD88E9B15} = {D9D6470A-BC7F-317A-A321-125DD88E9B15}
		{DCC3ACB2-8E3F-3F76-860F-FFF7CB59043B} = {DCC3ACB2-8E3F-3F76-860F-FFF7CB59043B}
		{C76FE9B5-8F3F-37B1-98D5-1CBD5ECB9497} = {C76FE9B5-8F3F-37B1-98D5-1CBD5ECB9497}
		{EF85F69E-8635-3F76-BD9E-DCC577D7FA45} = {EF85F69E-8635-3F76-BD9E-DCC577D7FA45}
	EndProjectSection
EndProject
Project("{8BC9CEB8-8B4A-11D0-8D11-00A0C91BC942}") = "SPIRV-Tools", "External\spirv-tools\source\SPIRV-Tools.vcxproj", "{D9D6470A-BC7F-317A-A321-125DD88E9B15}"
	ProjectSection(ProjectDependencies) = postProject
		{C76FE9B5-8F3F-37B1-98D5-1CBD5ECB9497} = {C76FE9B5-8F3F-37B1-98D5-1CBD5ECB9497}
	EndProjectSection
EndProject
Project("{8BC9CEB8-8B4A-11D0-8D11-00A0C91BC942}") = "SPIRV-Tools-link", "External\spirv-tools\source\link\SPIRV-Tools-link.vcxproj", "{EAFF33F1-60AF-39A5-8FF7-0365E4E7CAF4}"
	ProjectSection(ProjectDependencies) = postProject
		{D9D6470A-BC7F-317A-A321-125DD88E9B15} = {D9D6470A-BC7F-317A-A321-125DD88E9B15}
		{DCC3ACB2-8E3F-3F76-860F-FFF7CB59043B} = {DCC3ACB2-8E3F-3F76-860F-FFF7CB59043B}
		{C76FE9B5-8F3F-37B1-98D5-1CBD5ECB9497} = {C76FE9B5-8F3F-37B1-98D5-1CBD5ECB9497}
	EndProjectSection
EndProject
Project("{8BC9CEB8-8B4A-11D0-8D11-00A0C91BC942}") = "SPIRV-Tools-opt", "External\spirv-tools\source\opt\SPIRV-Tools-opt.vcxproj", "{DCC3ACB2-8E3F-3F76-860F-FFF7CB59043B}"
	ProjectSection(ProjectDependencies) = postProject
		{D9D6470A-BC7F-317A-A321-125DD88E9B15} = {D9D6470A-BC7F-317A-A321-125DD88E9B15}
		{C76FE9B5-8F3F-37B1-98D5-1CBD5ECB9497} = {C76FE9B5-8F3F-37B1-98D5-1CBD5ECB9497}
	EndProjectSection
EndProject
Project("{8BC9CEB8-8B4A-11D0-8D11-00A0C91BC942}") = "SPIRV-Tools-shared", "External\spirv-tools\source\SPIRV-Tools-shared.vcxproj", "{68995AE1-1B91-31BA-8B5D-61B7919D5F4D}"
	ProjectSection(ProjectDependencies) = postProject
		{C76FE9B5-8F3F-37B1-98D5-1CBD5ECB9497} = {C76FE9B5-8F3F-37B1-98D5-1CBD5ECB9497}
	EndProjectSection
EndProject
Project("{8BC9CEB8-8B4A-11D0-8D11-00A0C91BC942}") = "SPVRemapper", "SPIRV\SPVRemapper.vcxproj", "{BAA6AD1F-F232-32E3-A27F-1AA921BD22F9}"
	ProjectSection(ProjectDependencies) = postProject
		{C76FE9B5-8F3F-37B1-98D5-1CBD5ECB9497} = {C76FE9B5-8F3F-37B1-98D5-1CBD5ECB9497}
	EndProjectSection
EndProject
Project("{8BC9CEB8-8B4A-11D0-8D11-00A0C91BC942}") = "ZERO_CHECK", "ZERO_CHECK.vcxproj", "{C76FE9B5-8F3F-37B1-98D5-1CBD5ECB9497}"
	ProjectSection(ProjectDependencies) = postProject
	EndProjectSection
EndProject
Project("{8BC9CEB8-8B4A-11D0-8D11-00A0C91BC942}") = "glslang", "glslang\glslang.vcxproj", "{EF85F69E-8635-3F76-BD9E-DCC577D7FA45}"
	ProjectSection(ProjectDependencies) = postProject
		{F95E35EA-28A3-306B-88A3-76A3E9981761} = {F95E35EA-28A3-306B-88A3-76A3E9981761}
		{9DC0FD9E-0D9C-3C8F-9787-8C6FAC1664EE} = {9DC0FD9E-0D9C-3C8F-9787-8C6FAC1664EE}
		{03E9B3C2-9C3B-3EB3-A21A-1C16FC979FEE} = {03E9B3C2-9C3B-3EB3-A21A-1C16FC979FEE}
		{C76FE9B5-8F3F-37B1-98D5-1CBD5ECB9497} = {C76FE9B5-8F3F-37B1-98D5-1CBD5ECB9497}
	EndProjectSection
EndProject
Project("{8BC9CEB8-8B4A-11D0-8D11-00A0C91BC942}") = "glslang-default-resource-limits", "StandAlone\glslang-default-resource-limits.vcxproj", "{4FF3969D-79E7-3623-844A-CC9D2D1E3C52}"
	ProjectSection(ProjectDependencies) = postProject
		{C76FE9B5-8F3F-37B1-98D5-1CBD5ECB9497} = {C76FE9B5-8F3F-37B1-98D5-1CBD5ECB9497}
	EndProjectSection
EndProject
Project("{8BC9CEB8-8B4A-11D0-8D11-00A0C91BC942}") = "glslangValidator", "StandAlone\glslangValidator.vcxproj", "{6689ECB6-24C0-3D96-B82F-6A7BBA6E613F}"
	ProjectSection(ProjectDependencies) = postProject
		{F95E35EA-28A3-306B-88A3-76A3E9981761} = {F95E35EA-28A3-306B-88A3-76A3E9981761}
		{9DC0FD9E-0D9C-3C8F-9787-8C6FAC1664EE} = {9DC0FD9E-0D9C-3C8F-9787-8C6FAC1664EE}
		{03E9B3C2-9C3B-3EB3-A21A-1C16FC979FEE} = {03E9B3C2-9C3B-3EB3-A21A-1C16FC979FEE}
		{16339276-B089-3147-88A2-4E7F8831D9BD} = {16339276-B089-3147-88A2-4E7F8831D9BD}
		{D9D6470A-BC7F-317A-A321-125DD88E9B15} = {D9D6470A-BC7F-317A-A321-125DD88E9B15}
		{DCC3ACB2-8E3F-3F76-860F-FFF7CB59043B} = {DCC3ACB2-8E3F-3F76-860F-FFF7CB59043B}
		{BAA6AD1F-F232-32E3-A27F-1AA921BD22F9} = {BAA6AD1F-F232-32E3-A27F-1AA921BD22F9}
		{C76FE9B5-8F3F-37B1-98D5-1CBD5ECB9497} = {C76FE9B5-8F3F-37B1-98D5-1CBD5ECB9497}
		{EF85F69E-8635-3F76-BD9E-DCC577D7FA45} = {EF85F69E-8635-3F76-BD9E-DCC577D7FA45}
		{4FF3969D-79E7-3623-844A-CC9D2D1E3C52} = {4FF3969D-79E7-3623-844A-CC9D2D1E3C52}
	EndProjectSection
EndProject
Project("{8BC9CEB8-8B4A-11D0-8D11-00A0C91BC942}") = "spirv-as", "External\spirv-tools\tools\spirv-as.vcxproj", "{C76A9FB0-B31C-359F-A3ED-147511ADF058}"
	ProjectSection(ProjectDependencies) = postProject
		{D9D6470A-BC7F-317A-A321-125DD88E9B15} = {D9D6470A-BC7F-317A-A321-125DD88E9B15}
		{C76FE9B5-8F3F-37B1-98D5-1CBD5ECB9497} = {C76FE9B5-8F3F-37B1-98D5-1CBD5ECB9497}
	EndProjectSection
EndProject
Project("{8BC9CEB8-8B4A-11D0-8D11-00A0C91BC942}") = "spirv-cfg", "External\spirv-tools\tools\spirv-cfg.vcxproj", "{D509EA87-9B84-35DB-8A2B-C895F321065A}"
	ProjectSection(ProjectDependencies) = postProject
		{D9D6470A-BC7F-317A-A321-125DD88E9B15} = {D9D6470A-BC7F-317A-A321-125DD88E9B15}
		{C76FE9B5-8F3F-37B1-98D5-1CBD5ECB9497} = {C76FE9B5-8F3F-37B1-98D5-1CBD5ECB9497}
	EndProjectSection
EndProject
Project("{8BC9CEB8-8B4A-11D0-8D11-00A0C91BC942}") = "spirv-dis", "External\spirv-tools\tools\spirv-dis.vcxproj", "{5B310E3A-0021-3C44-88BF-8445B2E7DEC0}"
	ProjectSection(ProjectDependencies) = postProject
		{D9D6470A-BC7F-317A-A321-125DD88E9B15} = {D9D6470A-BC7F-317A-A321-125DD88E9B15}
		{C76FE9B5-8F3F-37B1-98D5-1CBD5ECB9497} = {C76FE9B5-8F3F-37B1-98D5-1CBD5ECB9497}
	EndProjectSection
EndProject
Project("{8BC9CEB8-8B4A-11D0-8D11-00A0C91BC942}") = "spirv-link", "External\spirv-tools\tools\spirv-link.vcxproj", "{60F42232-15A1-3F5A-A1C4-3DDD04EE4F83}"
	ProjectSection(ProjectDependencies) = postProject
		{D9D6470A-BC7F-317A-A321-125DD88E9B15} = {D9D6470A-BC7F-317A-A321-125DD88E9B15}
		{EAFF33F1-60AF-39A5-8FF7-0365E4E7CAF4} = {EAFF33F1-60AF-39A5-8FF7-0365E4E7CAF4}
		{DCC3ACB2-8E3F-3F76-860F-FFF7CB59043B} = {DCC3ACB2-8E3F-3F76-860F-FFF7CB59043B}
		{C76FE9B5-8F3F-37B1-98D5-1CBD5ECB9497} = {C76FE9B5-8F3F-37B1-98D5-1CBD5ECB9497}
	EndProjectSection
EndProject
Project("{8BC9CEB8-8B4A-11D0-8D11-00A0C91BC942}") = "spirv-opt", "External\spirv-tools\tools\spirv-opt.vcxproj", "{6C761334-73E0-3A43-B769-ADC631228654}"
	ProjectSection(ProjectDependencies) = postProject
		{D9D6470A-BC7F-317A-A321-125DD88E9B15} = {D9D6470A-BC7F-317A-A321-125DD88E9B15}
		{DCC3ACB2-8E3F-3F76-860F-FFF7CB59043B} = {DCC3ACB2-8E3F-3F76-860F-FFF7CB59043B}
		{C76FE9B5-8F3F-37B1-98D5-1CBD5ECB9497} = {C76FE9B5-8F3F-37B1-98D5-1CBD5ECB9497}
	EndProjectSection
EndProject
Project("{8BC9CEB8-8B4A-11D0-8D11-00A0C91BC942}") = "spirv-remap", "StandAlone\spirv-remap.vcxproj", "{548875A8-A356-3057-87C6-68EDD700C40B}"
	ProjectSection(ProjectDependencies) = postProject
		{F95E35EA-28A3-306B-88A3-76A3E9981761} = {F95E35EA-28A3-306B-88A3-76A3E9981761}
		{9DC0FD9E-0D9C-3C8F-9787-8C6FAC1664EE} = {9DC0FD9E-0D9C-3C8F-9787-8C6FAC1664EE}
		{03E9B3C2-9C3B-3EB3-A21A-1C16FC979FEE} = {03E9B3C2-9C3B-3EB3-A21A-1C16FC979FEE}
		{16339276-B089-3147-88A2-4E7F8831D9BD} = {16339276-B089-3147-88A2-4E7F8831D9BD}
		{D9D6470A-BC7F-317A-A321-125DD88E9B15} = {D9D6470A-BC7F-317A-A321-125DD88E9B15}
		{DCC3ACB2-8E3F-3F76-860F-FFF7CB59043B} = {DCC3ACB2-8E3F-3F76-860F-FFF7CB59043B}
		{BAA6AD1F-F232-32E3-A27F-1AA921BD22F9} = {BAA6AD1F-F232-32E3-A27F-1AA921BD22F9}
		{C76FE9B5-8F3F-37B1-98D5-1CBD5ECB9497} = {C76FE9B5-8F3F-37B1-98D5-1CBD5ECB9497}
		{EF85F69E-8635-3F76-BD9E-DCC577D7FA45} = {EF85F69E-8635-3F76-BD9E-DCC577D7FA45}
		{4FF3969D-79E7-3623-844A-CC9D2D1E3C52} = {4FF3969D-79E7-3623-844A-CC9D2D1E3C52}
	EndProjectSection
EndProject
Project("{8BC9CEB8-8B4A-11D0-8D11-00A0C91BC942}") = "spirv-stats", "External\spirv-tools\tools\spirv-stats.vcxproj", "{C6F94D82-D7EC-3235-BBEF-9E40185328C6}"
	ProjectSection(ProjectDependencies) = postProject
		{D9D6470A-BC7F-317A-A321-125DD88E9B15} = {D9D6470A-BC7F-317A-A321-125DD88E9B15}
		{C76FE9B5-8F3F-37B1-98D5-1CBD5ECB9497} = {C76FE9B5-8F3F-37B1-98D5-1CBD5ECB9497}
	EndProjectSection
EndProject
Project("{8BC9CEB8-8B4A-11D0-8D11-00A0C91BC942}") = "spirv-tools-build-version", "External\spirv-tools\source\spirv-tools-build-version.vcxproj", "{EF15C8BC-36D4-3CBA-9938-F4DC6B6AB3EF}"
	ProjectSection(ProjectDependencies) = postProject
		{C76FE9B5-8F3F-37B1-98D5-1CBD5ECB9497} = {C76FE9B5-8F3F-37B1-98D5-1CBD5ECB9497}
	EndProjectSection
EndProject
Project("{8BC9CEB8-8B4A-11D0-8D11-00A0C91BC942}") = "spirv-tools-cpp-example", "External\spirv-tools\examples\cpp-interface\spirv-tools-cpp-example.vcxproj", "{038BC127-2FCE-3E07-A1A8-AD51124A7C3C}"
	ProjectSection(ProjectDependencies) = postProject
		{D9D6470A-BC7F-317A-A321-125DD88E9B15} = {D9D6470A-BC7F-317A-A321-125DD88E9B15}
		{DCC3ACB2-8E3F-3F76-860F-FFF7CB59043B} = {DCC3ACB2-8E3F-3F76-860F-FFF7CB59043B}
		{C76FE9B5-8F3F-37B1-98D5-1CBD5ECB9497} = {C76FE9B5-8F3F-37B1-98D5-1CBD5ECB9497}
	EndProjectSection
EndProject
Project("{8BC9CEB8-8B4A-11D0-8D11-00A0C91BC942}") = "spirv-tools-debuginfo", "External\spirv-tools\source\spirv-tools-debuginfo.vcxproj", "{316CBCCE-148C-30AB-94EF-11B92EFD62BB}"
	ProjectSection(ProjectDependencies) = postProject
		{C76FE9B5-8F3F-37B1-98D5-1CBD5ECB9497} = {C76FE9B5-8F3F-37B1-98D5-1CBD5ECB9497}
	EndProjectSection
EndProject
Project("{8BC9CEB8-8B4A-11D0-8D11-00A0C91BC942}") = "spirv-tools-header-DebugInfo", "External\spirv-tools\source\spirv-tools-header-DebugInfo.vcxproj", "{3DE70F34-0771-360E-B4A9-060C7166A8D5}"
	ProjectSection(ProjectDependencies) = postProject
		{C76FE9B5-8F3F-37B1-98D5-1CBD5ECB9497} = {C76FE9B5-8F3F-37B1-98D5-1CBD5ECB9497}
	EndProjectSection
EndProject
Project("{8BC9CEB8-8B4A-11D0-8D11-00A0C91BC942}") = "spirv-tools-pkg-config", "External\spirv-tools\spirv-tools-pkg-config.vcxproj", "{CB4D576C-CD6B-3A50-BD74-1B4794BDA41F}"
	ProjectSection(ProjectDependencies) = postProject
		{C76FE9B5-8F3F-37B1-98D5-1CBD5ECB9497} = {C76FE9B5-8F3F-37B1-98D5-1CBD5ECB9497}
	EndProjectSection
EndProject
Project("{8BC9CEB8-8B4A-11D0-8D11-00A0C91BC942}") = "spirv-tools-shared-pkg-config", "External\spirv-tools\spirv-tools-shared-pkg-config.vcxproj", "{0E8D7D61-AD5D-37BD-B463-14F346A0A355}"
	ProjectSection(ProjectDependencies) = postProject
		{C76FE9B5-8F3F-37B1-98D5-1CBD5ECB9497} = {C76FE9B5-8F3F-37B1-98D5-1CBD5ECB9497}
	EndProjectSection
EndProject
Project("{8BC9CEB8-8B4A-11D0-8D11-00A0C91BC942}") = "spirv-tools-spv-amd-gcn-shader", "External\spirv-tools\source\spirv-tools-spv-amd-gcn-shader.vcxproj", "{826A79E5-8B11-3A79-8960-736B45E5A611}"
	ProjectSection(ProjectDependencies) = postProject
		{C76FE9B5-8F3F-37B1-98D5-1CBD5ECB9497} = {C76FE9B5-8F3F-37B1-98D5-1CBD5ECB9497}
	EndProjectSection
EndProject
Project("{8BC9CEB8-8B4A-11D0-8D11-00A0C91BC942}") = "spirv-tools-spv-amd-shader-ballot", "External\spirv-tools\source\spirv-tools-spv-amd-shader-ballot.vcxproj", "{D7049C86-A0DC-39FC-B9AD-3DC0FA91AF51}"
	ProjectSection(ProjectDependencies) = postProject
		{C76FE9B5-8F3F-37B1-98D5-1CBD5ECB9497} = {C76FE9B5-8F3F-37B1-98D5-1CBD5ECB9497}
	EndProjectSection
EndProject
Project("{8BC9CEB8-8B4A-11D0-8D11-00A0C91BC942}") = "spirv-tools-spv-amd-shader-explicit-vertex-parameter", "External\spirv-tools\source\spirv-tools-spv-amd-shader-explicit-vertex-parameter.vcxproj", "{81C2A3C7-5035-37EB-A758-DEDA5D40FD44}"
	ProjectSection(ProjectDependencies) = postProject
		{C76FE9B5-8F3F-37B1-98D5-1CBD5ECB9497} = {C76FE9B5-8F3F-37B1-98D5-1CBD5ECB9497}
	EndProjectSection
EndProject
Project("{8BC9CEB8-8B4A-11D0-8D11-00A0C91BC942}") = "spirv-tools-spv-amd-shader-trinary-minmax", "External\spirv-tools\source\spirv-tools-spv-amd-shader-trinary-minmax.vcxproj", "{FC8DF89E-9A56-3174-AEFB-219D7ED66F77}"
	ProjectSection(ProjectDependencies) = postProject
		{C76FE9B5-8F3F-37B1-98D5-1CBD5ECB9497} = {C76FE9B5-8F3F-37B1-98D5-1CBD5ECB9497}
	EndProjectSection
EndProject
Project("{8BC9CEB8-8B4A-11D0-8D11-00A0C91BC942}") = "spirv-tools-vimsyntax", "External\spirv-tools\source\spirv-tools-vimsyntax.vcxproj", "{34AE19E8-3D9E-3F09-BE53-D98332DC3A5F}"
	ProjectSection(ProjectDependencies) = postProject
		{C76FE9B5-8F3F-37B1-98D5-1CBD5ECB9497} = {C76FE9B5-8F3F-37B1-98D5-1CBD5ECB9497}
	EndProjectSection
EndProject
Project("{8BC9CEB8-8B4A-11D0-8D11-00A0C91BC942}") = "spirv-val", "External\spirv-tools\tools\spirv-val.vcxproj", "{F8EB9385-3B9A-3F5B-9BED-0ADE4116901E}"
	ProjectSection(ProjectDependencies) = postProject
		{D9D6470A-BC7F-317A-A321-125DD88E9B15} = {D9D6470A-BC7F-317A-A321-125DD88E9B15}
		{C76FE9B5-8F3F-37B1-98D5-1CBD5ECB9497} = {C76FE9B5-8F3F-37B1-98D5-1CBD5ECB9497}
	EndProjectSection
EndProject
Global
	GlobalSection(SolutionConfigurationPlatforms) = preSolution
		Debug|Win32 = Debug|Win32
		Release|Win32 = Release|Win32
		MinSizeRel|Win32 = MinSizeRel|Win32
		RelWithDebInfo|Win32 = RelWithDebInfo|Win32
	EndGlobalSection
	GlobalSection(ProjectConfigurationPlatforms) = postSolution
		{AF767D04-E6E4-3BF3-8D0E-73C28BB321DD}.Debug|Win32.ActiveCfg = Debug|Win32
		{AF767D04-E6E4-3BF3-8D0E-73C28BB321DD}.Debug|Win32.Build.0 = Debug|Win32
		{AF767D04-E6E4-3BF3-8D0E-73C28BB321DD}.Release|Win32.ActiveCfg = Release|Win32
		{AF767D04-E6E4-3BF3-8D0E-73C28BB321DD}.Release|Win32.Build.0 = Release|Win32
		{AF767D04-E6E4-3BF3-8D0E-73C28BB321DD}.MinSizeRel|Win32.ActiveCfg = MinSizeRel|Win32
		{AF767D04-E6E4-3BF3-8D0E-73C28BB321DD}.MinSizeRel|Win32.Build.0 = MinSizeRel|Win32
		{AF767D04-E6E4-3BF3-8D0E-73C28BB321DD}.RelWithDebInfo|Win32.ActiveCfg = RelWithDebInfo|Win32
		{AF767D04-E6E4-3BF3-8D0E-73C28BB321DD}.RelWithDebInfo|Win32.Build.0 = RelWithDebInfo|Win32
		{8755DB4E-7BC0-3DDF-852F-8DFF31A2BCA8}.Debug|Win32.ActiveCfg = Debug|Win32
		{8755DB4E-7BC0-3DDF-852F-8DFF31A2BCA8}.Release|Win32.ActiveCfg = Release|Win32
		{8755DB4E-7BC0-3DDF-852F-8DFF31A2BCA8}.MinSizeRel|Win32.ActiveCfg = MinSizeRel|Win32
		{8755DB4E-7BC0-3DDF-852F-8DFF31A2BCA8}.RelWithDebInfo|Win32.ActiveCfg = RelWithDebInfo|Win32
		{57D2EEB2-CCF3-360F-8146-CC7E86B2ADDF}.Debug|Win32.ActiveCfg = Debug|Win32
		{57D2EEB2-CCF3-360F-8146-CC7E86B2ADDF}.Release|Win32.ActiveCfg = Release|Win32
		{57D2EEB2-CCF3-360F-8146-CC7E86B2ADDF}.MinSizeRel|Win32.ActiveCfg = MinSizeRel|Win32
		{57D2EEB2-CCF3-360F-8146-CC7E86B2ADDF}.RelWithDebInfo|Win32.ActiveCfg = RelWithDebInfo|Win32
		{F95E35EA-28A3-306B-88A3-76A3E9981761}.Debug|Win32.ActiveCfg = Debug|Win32
		{F95E35EA-28A3-306B-88A3-76A3E9981761}.Debug|Win32.Build.0 = Debug|Win32
		{F95E35EA-28A3-306B-88A3-76A3E9981761}.Release|Win32.ActiveCfg = Release|Win32
		{F95E35EA-28A3-306B-88A3-76A3E9981761}.Release|Win32.Build.0 = Release|Win32
		{F95E35EA-28A3-306B-88A3-76A3E9981761}.MinSizeRel|Win32.ActiveCfg = MinSizeRel|Win32
		{F95E35EA-28A3-306B-88A3-76A3E9981761}.MinSizeRel|Win32.Build.0 = MinSizeRel|Win32
		{F95E35EA-28A3-306B-88A3-76A3E9981761}.RelWithDebInfo|Win32.ActiveCfg = RelWithDebInfo|Win32
		{F95E35EA-28A3-306B-88A3-76A3E9981761}.RelWithDebInfo|Win32.Build.0 = RelWithDebInfo|Win32
		{74E6F2C6-838D-3346-BCE4-5AF34BB56F76}.Debug|Win32.ActiveCfg = Debug|Win32
		{74E6F2C6-838D-3346-BCE4-5AF34BB56F76}.Release|Win32.ActiveCfg = Release|Win32
		{74E6F2C6-838D-3346-BCE4-5AF34BB56F76}.MinSizeRel|Win32.ActiveCfg = MinSizeRel|Win32
		{74E6F2C6-838D-3346-BCE4-5AF34BB56F76}.RelWithDebInfo|Win32.ActiveCfg = RelWithDebInfo|Win32
		{1C957E07-D148-3C0E-A593-2B242CA0CE42}.Debug|Win32.ActiveCfg = Debug|Win32
		{1C957E07-D148-3C0E-A593-2B242CA0CE42}.Release|Win32.ActiveCfg = Release|Win32
		{1C957E07-D148-3C0E-A593-2B242CA0CE42}.MinSizeRel|Win32.ActiveCfg = MinSizeRel|Win32
		{1C957E07-D148-3C0E-A593-2B242CA0CE42}.RelWithDebInfo|Win32.ActiveCfg = RelWithDebInfo|Win32
		{1D7D120D-E430-3859-B00B-E86405CAE478}.Debug|Win32.ActiveCfg = Debug|Win32
		{1D7D120D-E430-3859-B00B-E86405CAE478}.Release|Win32.ActiveCfg = Release|Win32
		{1D7D120D-E430-3859-B00B-E86405CAE478}.MinSizeRel|Win32.ActiveCfg = MinSizeRel|Win32
		{1D7D120D-E430-3859-B00B-E86405CAE478}.RelWithDebInfo|Win32.ActiveCfg = RelWithDebInfo|Win32
		{9DC0FD9E-0D9C-3C8F-9787-8C6FAC1664EE}.Debug|Win32.ActiveCfg = Debug|Win32
		{9DC0FD9E-0D9C-3C8F-9787-8C6FAC1664EE}.Debug|Win32.Build.0 = Debug|Win32
		{9DC0FD9E-0D9C-3C8F-9787-8C6FAC1664EE}.Release|Win32.ActiveCfg = Release|Win32
		{9DC0FD9E-0D9C-3C8F-9787-8C6FAC1664EE}.Release|Win32.Build.0 = Release|Win32
		{9DC0FD9E-0D9C-3C8F-9787-8C6FAC1664EE}.MinSizeRel|Win32.ActiveCfg = MinSizeRel|Win32
		{9DC0FD9E-0D9C-3C8F-9787-8C6FAC1664EE}.MinSizeRel|Win32.Build.0 = MinSizeRel|Win32
		{9DC0FD9E-0D9C-3C8F-9787-8C6FAC1664EE}.RelWithDebInfo|Win32.ActiveCfg = RelWithDebInfo|Win32
		{9DC0FD9E-0D9C-3C8F-9787-8C6FAC1664EE}.RelWithDebInfo|Win32.Build.0 = RelWithDebInfo|Win32
		{03E9B3C2-9C3B-3EB3-A21A-1C16FC979FEE}.Debug|Win32.ActiveCfg = Debug|Win32
		{03E9B3C2-9C3B-3EB3-A21A-1C16FC979FEE}.Debug|Win32.Build.0 = Debug|Win32
		{03E9B3C2-9C3B-3EB3-A21A-1C16FC979FEE}.Release|Win32.ActiveCfg = Release|Win32
		{03E9B3C2-9C3B-3EB3-A21A-1C16FC979FEE}.Release|Win32.Build.0 = Release|Win32
		{03E9B3C2-9C3B-3EB3-A21A-1C16FC979FEE}.MinSizeRel|Win32.ActiveCfg = MinSizeRel|Win32
		{03E9B3C2-9C3B-3EB3-A21A-1C16FC979FEE}.MinSizeRel|Win32.Build.0 = MinSizeRel|Win32
		{03E9B3C2-9C3B-3EB3-A21A-1C16FC979FEE}.RelWithDebInfo|Win32.ActiveCfg = RelWithDebInfo|Win32
		{03E9B3C2-9C3B-3EB3-A21A-1C16FC979FEE}.RelWithDebInfo|Win32.Build.0 = RelWithDebInfo|Win32
		{0BB72548-3D23-3180-89A6-AEACA3DD6AE2}.Debug|Win32.ActiveCfg = Debug|Win32
		{0BB72548-3D23-3180-89A6-AEACA3DD6AE2}.Release|Win32.ActiveCfg = Release|Win32
		{0BB72548-3D23-3180-89A6-AEACA3DD6AE2}.MinSizeRel|Win32.ActiveCfg = MinSizeRel|Win32
		{0BB72548-3D23-3180-89A6-AEACA3DD6AE2}.RelWithDebInfo|Win32.ActiveCfg = RelWithDebInfo|Win32
		{16339276-B089-3147-88A2-4E7F8831D9BD}.Debug|Win32.ActiveCfg = Debug|Win32
		{16339276-B089-3147-88A2-4E7F8831D9BD}.Debug|Win32.Build.0 = Debug|Win32
		{16339276-B089-3147-88A2-4E7F8831D9BD}.Release|Win32.ActiveCfg = Release|Win32
		{16339276-B089-3147-88A2-4E7F8831D9BD}.Release|Win32.Build.0 = Release|Win32
		{16339276-B089-3147-88A2-4E7F8831D9BD}.MinSizeRel|Win32.ActiveCfg = MinSizeRel|Win32
		{16339276-B089-3147-88A2-4E7F8831D9BD}.MinSizeRel|Win32.Build.0 = MinSizeRel|Win32
		{16339276-B089-3147-88A2-4E7F8831D9BD}.RelWithDebInfo|Win32.ActiveCfg = RelWithDebInfo|Win32
		{16339276-B089-3147-88A2-4E7F8831D9BD}.RelWithDebInfo|Win32.Build.0 = RelWithDebInfo|Win32
		{D9D6470A-BC7F-317A-A321-125DD88E9B15}.Debug|Win32.ActiveCfg = Debug|Win32
		{D9D6470A-BC7F-317A-A321-125DD88E9B15}.Debug|Win32.Build.0 = Debug|Win32
		{D9D6470A-BC7F-317A-A321-125DD88E9B15}.Release|Win32.ActiveCfg = Release|Win32
		{D9D6470A-BC7F-317A-A321-125DD88E9B15}.Release|Win32.Build.0 = Release|Win32
		{D9D6470A-BC7F-317A-A321-125DD88E9B15}.MinSizeRel|Win32.ActiveCfg = MinSizeRel|Win32
		{D9D6470A-BC7F-317A-A321-125DD88E9B15}.MinSizeRel|Win32.Build.0 = MinSizeRel|Win32
		{D9D6470A-BC7F-317A-A321-125DD88E9B15}.RelWithDebInfo|Win32.ActiveCfg = RelWithDebInfo|Win32
		{D9D6470A-BC7F-317A-A321-125DD88E9B15}.RelWithDebInfo|Win32.Build.0 = RelWithDebInfo|Win32
		{EAFF33F1-60AF-39A5-8FF7-0365E4E7CAF4}.Debug|Win32.ActiveCfg = Debug|Win32
		{EAFF33F1-60AF-39A5-8FF7-0365E4E7CAF4}.Debug|Win32.Build.0 = Debug|Win32
		{EAFF33F1-60AF-39A5-8FF7-0365E4E7CAF4}.Release|Win32.ActiveCfg = Release|Win32
		{EAFF33F1-60AF-39A5-8FF7-0365E4E7CAF4}.Release|Win32.Build.0 = Release|Win32
		{EAFF33F1-60AF-39A5-8FF7-0365E4E7CAF4}.MinSizeRel|Win32.ActiveCfg = MinSizeRel|Win32
		{EAFF33F1-60AF-39A5-8FF7-0365E4E7CAF4}.MinSizeRel|Win32.Build.0 = MinSizeRel|Win32
		{EAFF33F1-60AF-39A5-8FF7-0365E4E7CAF4}.RelWithDebInfo|Win32.ActiveCfg = RelWithDebInfo|Win32
		{EAFF33F1-60AF-39A5-8FF7-0365E4E7CAF4}.RelWithDebInfo|Win32.Build.0 = RelWithDebInfo|Win32
		{DCC3ACB2-8E3F-3F76-860F-FFF7CB59043B}.Debug|Win32.ActiveCfg = Debug|Win32
		{DCC3ACB2-8E3F-3F76-860F-FFF7CB59043B}.Debug|Win32.Build.0 = Debug|Win32
		{DCC3ACB2-8E3F-3F76-860F-FFF7CB59043B}.Release|Win32.ActiveCfg = Release|Win32
		{DCC3ACB2-8E3F-3F76-860F-FFF7CB59043B}.Release|Win32.Build.0 = Release|Win32
		{DCC3ACB2-8E3F-3F76-860F-FFF7CB59043B}.MinSizeRel|Win32.ActiveCfg = MinSizeRel|Win32
		{DCC3ACB2-8E3F-3F76-860F-FFF7CB59043B}.MinSizeRel|Win32.Build.0 = MinSizeRel|Win32
		{DCC3ACB2-8E3F-3F76-860F-FFF7CB59043B}.RelWithDebInfo|Win32.ActiveCfg = RelWithDebInfo|Win32
		{DCC3ACB2-8E3F-3F76-860F-FFF7CB59043B}.RelWithDebInfo|Win32.Build.0 = RelWithDebInfo|Win32
		{68995AE1-1B91-31BA-8B5D-61B7919D5F4D}.Debug|Win32.ActiveCfg = Debug|Win32
		{68995AE1-1B91-31BA-8B5D-61B7919D5F4D}.Debug|Win32.Build.0 = Debug|Win32
		{68995AE1-1B91-31BA-8B5D-61B7919D5F4D}.Release|Win32.ActiveCfg = Release|Win32
		{68995AE1-1B91-31BA-8B5D-61B7919D5F4D}.Release|Win32.Build.0 = Release|Win32
		{68995AE1-1B91-31BA-8B5D-61B7919D5F4D}.MinSizeRel|Win32.ActiveCfg = MinSizeRel|Win32
		{68995AE1-1B91-31BA-8B5D-61B7919D5F4D}.MinSizeRel|Win32.Build.0 = MinSizeRel|Win32
		{68995AE1-1B91-31BA-8B5D-61B7919D5F4D}.RelWithDebInfo|Win32.ActiveCfg = RelWithDebInfo|Win32
		{68995AE1-1B91-31BA-8B5D-61B7919D5F4D}.RelWithDebInfo|Win32.Build.0 = RelWithDebInfo|Win32
		{BAA6AD1F-F232-32E3-A27F-1AA921BD22F9}.Debug|Win32.ActiveCfg = Debug|Win32
		{BAA6AD1F-F232-32E3-A27F-1AA921BD22F9}.Debug|Win32.Build.0 = Debug|Win32
		{BAA6AD1F-F232-32E3-A27F-1AA921BD22F9}.Release|Win32.ActiveCfg = Release|Win32
		{BAA6AD1F-F232-32E3-A27F-1AA921BD22F9}.Release|Win32.Build.0 = Release|Win32
		{BAA6AD1F-F232-32E3-A27F-1AA921BD22F9}.MinSizeRel|Win32.ActiveCfg = MinSizeRel|Win32
		{BAA6AD1F-F232-32E3-A27F-1AA921BD22F9}.MinSizeRel|Win32.Build.0 = MinSizeRel|Win32
		{BAA6AD1F-F232-32E3-A27F-1AA921BD22F9}.RelWithDebInfo|Win32.ActiveCfg = RelWithDebInfo|Win32
		{BAA6AD1F-F232-32E3-A27F-1AA921BD22F9}.RelWithDebInfo|Win32.Build.0 = RelWithDebInfo|Win32
		{C76FE9B5-8F3F-37B1-98D5-1CBD5ECB9497}.Debug|Win32.ActiveCfg = Debug|Win32
		{C76FE9B5-8F3F-37B1-98D5-1CBD5ECB9497}.Debug|Win32.Build.0 = Debug|Win32
		{C76FE9B5-8F3F-37B1-98D5-1CBD5ECB9497}.Release|Win32.ActiveCfg = Release|Win32
		{C76FE9B5-8F3F-37B1-98D5-1CBD5ECB9497}.Release|Win32.Build.0 = Release|Win32
		{C76FE9B5-8F3F-37B1-98D5-1CBD5ECB9497}.MinSizeRel|Win32.ActiveCfg = MinSizeRel|Win32
		{C76FE9B5-8F3F-37B1-98D5-1CBD5ECB9497}.MinSizeRel|Win32.Build.0 = MinSizeRel|Win32
		{C76FE9B5-8F3F-37B1-98D5-1CBD5ECB9497}.RelWithDebInfo|Win32.ActiveCfg = RelWithDebInfo|Win32
		{C76FE9B5-8F3F-37B1-98D5-1CBD5ECB9497}.RelWithDebInfo|Win32.Build.0 = RelWithDebInfo|Win32
		{EF85F69E-8635-3F76-BD9E-DCC577D7FA45}.Debug|Win32.ActiveCfg = Debug|Win32
		{EF85F69E-8635-3F76-BD9E-DCC577D7FA45}.Debug|Win32.Build.0 = Debug|Win32
		{EF85F69E-8635-3F76-BD9E-DCC577D7FA45}.Release|Win32.ActiveCfg = Release|Win32
		{EF85F69E-8635-3F76-BD9E-DCC577D7FA45}.Release|Win32.Build.0 = Release|Win32
		{EF85F69E-8635-3F76-BD9E-DCC577D7FA45}.MinSizeRel|Win32.ActiveCfg = MinSizeRel|Win32
		{EF85F69E-8635-3F76-BD9E-DCC577D7FA45}.MinSizeRel|Win32.Build.0 = MinSizeRel|Win32
		{EF85F69E-8635-3F76-BD9E-DCC577D7FA45}.RelWithDebInfo|Win32.ActiveCfg = RelWithDebInfo|Win32
		{EF85F69E-8635-3F76-BD9E-DCC577D7FA45}.RelWithDebInfo|Win32.Build.0 = RelWithDebInfo|Win32
		{4FF3969D-79E7-3623-844A-CC9D2D1E3C52}.Debug|Win32.ActiveCfg = Debug|Win32
		{4FF3969D-79E7-3623-844A-CC9D2D1E3C52}.Debug|Win32.Build.0 = Debug|Win32
		{4FF3969D-79E7-3623-844A-CC9D2D1E3C52}.Release|Win32.ActiveCfg = Release|Win32
		{4FF3969D-79E7-3623-844A-CC9D2D1E3C52}.Release|Win32.Build.0 = Release|Win32
		{4FF3969D-79E7-3623-844A-CC9D2D1E3C52}.MinSizeRel|Win32.ActiveCfg = MinSizeRel|Win32
		{4FF3969D-79E7-3623-844A-CC9D2D1E3C52}.MinSizeRel|Win32.Build.0 = MinSizeRel|Win32
		{4FF3969D-79E7-3623-844A-CC9D2D1E3C52}.RelWithDebInfo|Win32.ActiveCfg = RelWithDebInfo|Win32
		{4FF3969D-79E7-3623-844A-CC9D2D1E3C52}.RelWithDebInfo|Win32.Build.0 = RelWithDebInfo|Win32
		{6689ECB6-24C0-3D96-B82F-6A7BBA6E613F}.Debug|Win32.ActiveCfg = Debug|Win32
		{6689ECB6-24C0-3D96-B82F-6A7BBA6E613F}.Debug|Win32.Build.0 = Debug|Win32
		{6689ECB6-24C0-3D96-B82F-6A7BBA6E613F}.Release|Win32.ActiveCfg = Release|Win32
		{6689ECB6-24C0-3D96-B82F-6A7BBA6E613F}.Release|Win32.Build.0 = Release|Win32
		{6689ECB6-24C0-3D96-B82F-6A7BBA6E613F}.MinSizeRel|Win32.ActiveCfg = MinSizeRel|Win32
		{6689ECB6-24C0-3D96-B82F-6A7BBA6E613F}.MinSizeRel|Win32.Build.0 = MinSizeRel|Win32
		{6689ECB6-24C0-3D96-B82F-6A7BBA6E613F}.RelWithDebInfo|Win32.ActiveCfg = RelWithDebInfo|Win32
		{6689ECB6-24C0-3D96-B82F-6A7BBA6E613F}.RelWithDebInfo|Win32.Build.0 = RelWithDebInfo|Win32
		{C76A9FB0-B31C-359F-A3ED-147511ADF058}.Debug|Win32.ActiveCfg = Debug|Win32
		{C76A9FB0-B31C-359F-A3ED-147511ADF058}.Debug|Win32.Build.0 = Debug|Win32
		{C76A9FB0-B31C-359F-A3ED-147511ADF058}.Release|Win32.ActiveCfg = Release|Win32
		{C76A9FB0-B31C-359F-A3ED-147511ADF058}.Release|Win32.Build.0 = Release|Win32
		{C76A9FB0-B31C-359F-A3ED-147511ADF058}.MinSizeRel|Win32.ActiveCfg = MinSizeRel|Win32
		{C76A9FB0-B31C-359F-A3ED-147511ADF058}.MinSizeRel|Win32.Build.0 = MinSizeRel|Win32
		{C76A9FB0-B31C-359F-A3ED-147511ADF058}.RelWithDebInfo|Win32.ActiveCfg = RelWithDebInfo|Win32
		{C76A9FB0-B31C-359F-A3ED-147511ADF058}.RelWithDebInfo|Win32.Build.0 = RelWithDebInfo|Win32
		{D509EA87-9B84-35DB-8A2B-C895F321065A}.Debug|Win32.ActiveCfg = Debug|Win32
		{D509EA87-9B84-35DB-8A2B-C895F321065A}.Debug|Win32.Build.0 = Debug|Win32
		{D509EA87-9B84-35DB-8A2B-C895F321065A}.Release|Win32.ActiveCfg = Release|Win32
		{D509EA87-9B84-35DB-8A2B-C895F321065A}.Release|Win32.Build.0 = Release|Win32
		{D509EA87-9B84-35DB-8A2B-C895F321065A}.MinSizeRel|Win32.ActiveCfg = MinSizeRel|Win32
		{D509EA87-9B84-35DB-8A2B-C895F321065A}.MinSizeRel|Win32.Build.0 = MinSizeRel|Win32
		{D509EA87-9B84-35DB-8A2B-C895F321065A}.RelWithDebInfo|Win32.ActiveCfg = RelWithDebInfo|Win32
		{D509EA87-9B84-35DB-8A2B-C895F321065A}.RelWithDebInfo|Win32.Build.0 = RelWithDebInfo|Win32
		{5B310E3A-0021-3C44-88BF-8445B2E7DEC0}.Debug|Win32.ActiveCfg = Debug|Win32
		{5B310E3A-0021-3C44-88BF-8445B2E7DEC0}.Debug|Win32.Build.0 = Debug|Win32
		{5B310E3A-0021-3C44-88BF-8445B2E7DEC0}.Release|Win32.ActiveCfg = Release|Win32
		{5B310E3A-0021-3C44-88BF-8445B2E7DEC0}.Release|Win32.Build.0 = Release|Win32
		{5B310E3A-0021-3C44-88BF-8445B2E7DEC0}.MinSizeRel|Win32.ActiveCfg = MinSizeRel|Win32
		{5B310E3A-0021-3C44-88BF-8445B2E7DEC0}.MinSizeRel|Win32.Build.0 = MinSizeRel|Win32
		{5B310E3A-0021-3C44-88BF-8445B2E7DEC0}.RelWithDebInfo|Win32.ActiveCfg = RelWithDebInfo|Win32
		{5B310E3A-0021-3C44-88BF-8445B2E7DEC0}.RelWithDebInfo|Win32.Build.0 = RelWithDebInfo|Win32
		{60F42232-15A1-3F5A-A1C4-3DDD04EE4F83}.Debug|Win32.ActiveCfg = Debug|Win32
		{60F42232-15A1-3F5A-A1C4-3DDD04EE4F83}.Debug|Win32.Build.0 = Debug|Win32
		{60F42232-15A1-3F5A-A1C4-3DDD04EE4F83}.Release|Win32.ActiveCfg = Release|Win32
		{60F42232-15A1-3F5A-A1C4-3DDD04EE4F83}.Release|Win32.Build.0 = Release|Win32
		{60F42232-15A1-3F5A-A1C4-3DDD04EE4F83}.MinSizeRel|Win32.ActiveCfg = MinSizeRel|Win32
		{60F42232-15A1-3F5A-A1C4-3DDD04EE4F83}.MinSizeRel|Win32.Build.0 = MinSizeRel|Win32
		{60F42232-15A1-3F5A-A1C4-3DDD04EE4F83}.RelWithDebInfo|Win32.ActiveCfg = RelWithDebInfo|Win32
		{60F42232-15A1-3F5A-A1C4-3DDD04EE4F83}.RelWithDebInfo|Win32.Build.0 = RelWithDebInfo|Win32
		{6C761334-73E0-3A43-B769-ADC631228654}.Debug|Win32.ActiveCfg = Debug|Win32
		{6C761334-73E0-3A43-B769-ADC631228654}.Debug|Win32.Build.0 = Debug|Win32
		{6C761334-73E0-3A43-B769-ADC631228654}.Release|Win32.ActiveCfg = Release|Win32
		{6C761334-73E0-3A43-B769-ADC631228654}.Release|Win32.Build.0 = Release|Win32
		{6C761334-73E0-3A43-B769-ADC631228654}.MinSizeRel|Win32.ActiveCfg = MinSizeRel|Win32
		{6C761334-73E0-3A43-B769-ADC631228654}.MinSizeRel|Win32.Build.0 = MinSizeRel|Win32
		{6C761334-73E0-3A43-B769-ADC631228654}.RelWithDebInfo|Win32.ActiveCfg = RelWithDebInfo|Win32
		{6C761334-73E0-3A43-B769-ADC631228654}.RelWithDebInfo|Win32.Build.0 = RelWithDebInfo|Win32
		{548875A8-A356-3057-87C6-68EDD700C40B}.Debug|Win32.ActiveCfg = Debug|Win32
		{548875A8-A356-3057-87C6-68EDD700C40B}.Debug|Win32.Build.0 = Debug|Win32
		{548875A8-A356-3057-87C6-68EDD700C40B}.Release|Win32.ActiveCfg = Release|Win32
		{548875A8-A356-3057-87C6-68EDD700C40B}.Release|Win32.Build.0 = Release|Win32
		{548875A8-A356-3057-87C6-68EDD700C40B}.MinSizeRel|Win32.ActiveCfg = MinSizeRel|Win32
		{548875A8-A356-3057-87C6-68EDD700C40B}.MinSizeRel|Win32.Build.0 = MinSizeRel|Win32
		{548875A8-A356-3057-87C6-68EDD700C40B}.RelWithDebInfo|Win32.ActiveCfg = RelWithDebInfo|Win32
		{548875A8-A356-3057-87C6-68EDD700C40B}.RelWithDebInfo|Win32.Build.0 = RelWithDebInfo|Win32
		{C6F94D82-D7EC-3235-BBEF-9E40185328C6}.Debug|Win32.ActiveCfg = Debug|Win32
		{C6F94D82-D7EC-3235-BBEF-9E40185328C6}.Debug|Win32.Build.0 = Debug|Win32
		{C6F94D82-D7EC-3235-BBEF-9E40185328C6}.Release|Win32.ActiveCfg = Release|Win32
		{C6F94D82-D7EC-3235-BBEF-9E40185328C6}.Release|Win32.Build.0 = Release|Win32
		{C6F94D82-D7EC-3235-BBEF-9E40185328C6}.MinSizeRel|Win32.ActiveCfg = MinSizeRel|Win32
		{C6F94D82-D7EC-3235-BBEF-9E40185328C6}.MinSizeRel|Win32.Build.0 = MinSizeRel|Win32
		{C6F94D82-D7EC-3235-BBEF-9E40185328C6}.RelWithDebInfo|Win32.ActiveCfg = RelWithDebInfo|Win32
		{C6F94D82-D7EC-3235-BBEF-9E40185328C6}.RelWithDebInfo|Win32.Build.0 = RelWithDebInfo|Win32
		{EF15C8BC-36D4-3CBA-9938-F4DC6B6AB3EF}.Debug|Win32.ActiveCfg = Debug|Win32
		{EF15C8BC-36D4-3CBA-9938-F4DC6B6AB3EF}.Release|Win32.ActiveCfg = Release|Win32
		{EF15C8BC-36D4-3CBA-9938-F4DC6B6AB3EF}.MinSizeRel|Win32.ActiveCfg = MinSizeRel|Win32
		{EF15C8BC-36D4-3CBA-9938-F4DC6B6AB3EF}.RelWithDebInfo|Win32.ActiveCfg = RelWithDebInfo|Win32
		{038BC127-2FCE-3E07-A1A8-AD51124A7C3C}.Debug|Win32.ActiveCfg = Debug|Win32
		{038BC127-2FCE-3E07-A1A8-AD51124A7C3C}.Debug|Win32.Build.0 = Debug|Win32
		{038BC127-2FCE-3E07-A1A8-AD51124A7C3C}.Release|Win32.ActiveCfg = Release|Win32
		{038BC127-2FCE-3E07-A1A8-AD51124A7C3C}.Release|Win32.Build.0 = Release|Win32
		{038BC127-2FCE-3E07-A1A8-AD51124A7C3C}.MinSizeRel|Win32.ActiveCfg = MinSizeRel|Win32
		{038BC127-2FCE-3E07-A1A8-AD51124A7C3C}.MinSizeRel|Win32.Build.0 = MinSizeRel|Win32
		{038BC127-2FCE-3E07-A1A8-AD51124A7C3C}.RelWithDebInfo|Win32.ActiveCfg = RelWithDebInfo|Win32
		{038BC127-2FCE-3E07-A1A8-AD51124A7C3C}.RelWithDebInfo|Win32.Build.0 = RelWithDebInfo|Win32
		{316CBCCE-148C-30AB-94EF-11B92EFD62BB}.Debug|Win32.ActiveCfg = Debug|Win32
		{316CBCCE-148C-30AB-94EF-11B92EFD62BB}.Release|Win32.ActiveCfg = Release|Win32
		{316CBCCE-148C-30AB-94EF-11B92EFD62BB}.MinSizeRel|Win32.ActiveCfg = MinSizeRel|Win32
		{316CBCCE-148C-30AB-94EF-11B92EFD62BB}.RelWithDebInfo|Win32.ActiveCfg = RelWithDebInfo|Win32
		{3DE70F34-0771-360E-B4A9-060C7166A8D5}.Debug|Win32.ActiveCfg = Debug|Win32
		{3DE70F34-0771-360E-B4A9-060C7166A8D5}.Release|Win32.ActiveCfg = Release|Win32
		{3DE70F34-0771-360E-B4A9-060C7166A8D5}.MinSizeRel|Win32.ActiveCfg = MinSizeRel|Win32
		{3DE70F34-0771-360E-B4A9-060C7166A8D5}.RelWithDebInfo|Win32.ActiveCfg = RelWithDebInfo|Win32
		{CB4D576C-CD6B-3A50-BD74-1B4794BDA41F}.Debug|Win32.ActiveCfg = Debug|Win32
		{CB4D576C-CD6B-3A50-BD74-1B4794BDA41F}.Debug|Win32.Build.0 = Debug|Win32
		{CB4D576C-CD6B-3A50-BD74-1B4794BDA41F}.Release|Win32.ActiveCfg = Release|Win32
		{CB4D576C-CD6B-3A50-BD74-1B4794BDA41F}.Release|Win32.Build.0 = Release|Win32
		{CB4D576C-CD6B-3A50-BD74-1B4794BDA41F}.MinSizeRel|Win32.ActiveCfg = MinSizeRel|Win32
		{CB4D576C-CD6B-3A50-BD74-1B4794BDA41F}.MinSizeRel|Win32.Build.0 = MinSizeRel|Win32
		{CB4D576C-CD6B-3A50-BD74-1B4794BDA41F}.RelWithDebInfo|Win32.ActiveCfg = RelWithDebInfo|Win32
		{CB4D576C-CD6B-3A50-BD74-1B4794BDA41F}.RelWithDebInfo|Win32.Build.0 = RelWithDebInfo|Win32
		{0E8D7D61-AD5D-37BD-B463-14F346A0A355}.Debug|Win32.ActiveCfg = Debug|Win32
		{0E8D7D61-AD5D-37BD-B463-14F346A0A355}.Debug|Win32.Build.0 = Debug|Win32
		{0E8D7D61-AD5D-37BD-B463-14F346A0A355}.Release|Win32.ActiveCfg = Release|Win32
		{0E8D7D61-AD5D-37BD-B463-14F346A0A355}.Release|Win32.Build.0 = Release|Win32
		{0E8D7D61-AD5D-37BD-B463-14F346A0A355}.MinSizeRel|Win32.ActiveCfg = MinSizeRel|Win32
		{0E8D7D61-AD5D-37BD-B463-14F346A0A355}.MinSizeRel|Win32.Build.0 = MinSizeRel|Win32
		{0E8D7D61-AD5D-37BD-B463-14F346A0A355}.RelWithDebInfo|Win32.ActiveCfg = RelWithDebInfo|Win32
		{0E8D7D61-AD5D-37BD-B463-14F346A0A355}.RelWithDebInfo|Win32.Build.0 = RelWithDebInfo|Win32
		{826A79E5-8B11-3A79-8960-736B45E5A611}.Debug|Win32.ActiveCfg = Debug|Win32
		{826A79E5-8B11-3A79-8960-736B45E5A611}.Release|Win32.ActiveCfg = Release|Win32
		{826A79E5-8B11-3A79-8960-736B45E5A611}.MinSizeRel|Win32.ActiveCfg = MinSizeRel|Win32
		{826A79E5-8B11-3A79-8960-736B45E5A611}.RelWithDebInfo|Win32.ActiveCfg = RelWithDebInfo|Win32
		{D7049C86-A0DC-39FC-B9AD-3DC0FA91AF51}.Debug|Win32.ActiveCfg = Debug|Win32
		{D7049C86-A0DC-39FC-B9AD-3DC0FA91AF51}.Release|Win32.ActiveCfg = Release|Win32
		{D7049C86-A0DC-39FC-B9AD-3DC0FA91AF51}.MinSizeRel|Win32.ActiveCfg = MinSizeRel|Win32
		{D7049C86-A0DC-39FC-B9AD-3DC0FA91AF51}.RelWithDebInfo|Win32.ActiveCfg = RelWithDebInfo|Win32
		{81C2A3C7-5035-37EB-A758-DEDA5D40FD44}.Debug|Win32.ActiveCfg = Debug|Win32
		{81C2A3C7-5035-37EB-A758-DEDA5D40FD44}.Release|Win32.ActiveCfg = Release|Win32
		{81C2A3C7-5035-37EB-A758-DEDA5D40FD44}.MinSizeRel|Win32.ActiveCfg = MinSizeRel|Win32
		{81C2A3C7-5035-37EB-A758-DEDA5D40FD44}.RelWithDebInfo|Win32.ActiveCfg = RelWithDebInfo|Win32
		{FC8DF89E-9A56-3174-AEFB-219D7ED66F77}.Debug|Win32.ActiveCfg = Debug|Win32
		{FC8DF89E-9A56-3174-AEFB-219D7ED66F77}.Release|Win32.ActiveCfg = Release|Win32
		{FC8DF89E-9A56-3174-AEFB-219D7ED66F77}.MinSizeRel|Win32.ActiveCfg = MinSizeRel|Win32
		{FC8DF89E-9A56-3174-AEFB-219D7ED66F77}.RelWithDebInfo|Win32.ActiveCfg = RelWithDebInfo|Win32
		{34AE19E8-3D9E-3F09-BE53-D98332DC3A5F}.Debug|Win32.ActiveCfg = Debug|Win32
		{34AE19E8-3D9E-3F09-BE53-D98332DC3A5F}.Release|Win32.ActiveCfg = Release|Win32
		{34AE19E8-3D9E-3F09-BE53-D98332DC3A5F}.MinSizeRel|Win32.ActiveCfg = MinSizeRel|Win32
		{34AE19E8-3D9E-3F09-BE53-D98332DC3A5F}.RelWithDebInfo|Win32.ActiveCfg = RelWithDebInfo|Win32
		{F8EB9385-3B9A-3F5B-9BED-0ADE4116901E}.Debug|Win32.ActiveCfg = Debug|Win32
		{F8EB9385-3B9A-3F5B-9BED-0ADE4116901E}.Debug|Win32.Build.0 = Debug|Win32
		{F8EB9385-3B9A-3F5B-9BED-0ADE4116901E}.Release|Win32.ActiveCfg = Release|Win32
		{F8EB9385-3B9A-3F5B-9BED-0ADE4116901E}.Release|Win32.Build.0 = Release|Win32
		{F8EB9385-3B9A-3F5B-9BED-0ADE4116901E}.MinSizeRel|Win32.ActiveCfg = MinSizeRel|Win32
		{F8EB9385-3B9A-3F5B-9BED-0ADE4116901E}.MinSizeRel|Win32.Build.0 = MinSizeRel|Win32
		{F8EB9385-3B9A-3F5B-9BED-0ADE4116901E}.RelWithDebInfo|Win32.ActiveCfg = RelWithDebInfo|Win32
		{F8EB9385-3B9A-3F5B-9BED-0ADE4116901E}.RelWithDebInfo|Win32.Build.0 = RelWithDebInfo|Win32
	EndGlobalSection
	GlobalSection(NestedProjects) = preSolution
		{AF767D04-E6E4-3BF3-8D0E-73C28BB321DD} = {D75633F1-14CC-36F5-8CA5-97D807CB595F}
		{74E6F2C6-838D-3346-BCE4-5AF34BB56F76} = {D75633F1-14CC-36F5-8CA5-97D807CB595F}
		{0BB72548-3D23-3180-89A6-AEACA3DD6AE2} = {D75633F1-14CC-36F5-8CA5-97D807CB595F}
		{C76FE9B5-8F3F-37B1-98D5-1CBD5ECB9497} = {D75633F1-14CC-36F5-8CA5-97D807CB595F}
		{8755DB4E-7BC0-3DDF-852F-8DFF31A2BCA8} = {232D5078-DB32-384F-9AC2-76EBF4227245}
		{57D2EEB2-CCF3-360F-8146-CC7E86B2ADDF} = {232D5078-DB32-384F-9AC2-76EBF4227245}
		{1C957E07-D148-3C0E-A593-2B242CA0CE42} = {232D5078-DB32-384F-9AC2-76EBF4227245}
		{1D7D120D-E430-3859-B00B-E86405CAE478} = {232D5078-DB32-384F-9AC2-76EBF4227245}
		{EF15C8BC-36D4-3CBA-9938-F4DC6B6AB3EF} = {1465ACDD-FED0-356C-BF9A-CEC2E0AD4529}
		{316CBCCE-148C-30AB-94EF-11B92EFD62BB} = {1465ACDD-FED0-356C-BF9A-CEC2E0AD4529}
		{3DE70F34-0771-360E-B4A9-060C7166A8D5} = {1465ACDD-FED0-356C-BF9A-CEC2E0AD4529}
		{826A79E5-8B11-3A79-8960-736B45E5A611} = {1465ACDD-FED0-356C-BF9A-CEC2E0AD4529}
		{D7049C86-A0DC-39FC-B9AD-3DC0FA91AF51} = {1465ACDD-FED0-356C-BF9A-CEC2E0AD4529}
		{81C2A3C7-5035-37EB-A758-DEDA5D40FD44} = {1465ACDD-FED0-356C-BF9A-CEC2E0AD4529}
		{FC8DF89E-9A56-3174-AEFB-219D7ED66F77} = {1465ACDD-FED0-356C-BF9A-CEC2E0AD4529}
		{038BC127-2FCE-3E07-A1A8-AD51124A7C3C} = {298E91D3-7317-3E40-B6DB-F333CF32F234}
		{C76A9FB0-B31C-359F-A3ED-147511ADF058} = {83CF0381-42CE-3E2C-9465-56BCDEC5740F}
		{D509EA87-9B84-35DB-8A2B-C895F321065A} = {83CF0381-42CE-3E2C-9465-56BCDEC5740F}
		{5B310E3A-0021-3C44-88BF-8445B2E7DEC0} = {83CF0381-42CE-3E2C-9465-56BCDEC5740F}
		{60F42232-15A1-3F5A-A1C4-3DDD04EE4F83} = {83CF0381-42CE-3E2C-9465-56BCDEC5740F}
		{6C761334-73E0-3A43-B769-ADC631228654} = {83CF0381-42CE-3E2C-9465-56BCDEC5740F}
		{C6F94D82-D7EC-3235-BBEF-9E40185328C6} = {83CF0381-42CE-3E2C-9465-56BCDEC5740F}
		{F8EB9385-3B9A-3F5B-9BED-0ADE4116901E} = {83CF0381-42CE-3E2C-9465-56BCDEC5740F}
		{D9D6470A-BC7F-317A-A321-125DD88E9B15} = {819DFAC2-48DC-3211-A350-E19075908318}
		{EAFF33F1-60AF-39A5-8FF7-0365E4E7CAF4} = {819DFAC2-48DC-3211-A350-E19075908318}
		{DCC3ACB2-8E3F-3F76-860F-FFF7CB59043B} = {819DFAC2-48DC-3211-A350-E19075908318}
		{68995AE1-1B91-31BA-8B5D-61B7919D5F4D} = {819DFAC2-48DC-3211-A350-E19075908318}
		{34AE19E8-3D9E-3F09-BE53-D98332DC3A5F} = {2A57F481-366D-3097-8A20-9BE91849069D}
		{9DC0FD9E-0D9C-3C8F-9787-8C6FAC1664EE} = {BF2158AD-7942-3663-9E5D-402EFF740136}
		{03E9B3C2-9C3B-3EB3-A21A-1C16FC979FEE} = {BF2158AD-7942-3663-9E5D-402EFF740136}
		{16339276-B089-3147-88A2-4E7F8831D9BD} = {BF2158AD-7942-3663-9E5D-402EFF740136}
		{BAA6AD1F-F232-32E3-A27F-1AA921BD22F9} = {BF2158AD-7942-3663-9E5D-402EFF740136}
		{EF85F69E-8635-3F76-BD9E-DCC577D7FA45} = {BF2158AD-7942-3663-9E5D-402EFF740136}
		{4FF3969D-79E7-3623-844A-CC9D2D1E3C52} = {BF2158AD-7942-3663-9E5D-402EFF740136}
		{F95E35EA-28A3-306B-88A3-76A3E9981761} = {0EFA4B8D-9417-32AD-A65D-8177A3AE959B}
		{6689ECB6-24C0-3D96-B82F-6A7BBA6E613F} = {8501DBDF-D9FE-3392-8D0B-C5FFD72EB5E5}
		{548875A8-A356-3057-87C6-68EDD700C40B} = {8501DBDF-D9FE-3392-8D0B-C5FFD72EB5E5}
	EndGlobalSection
	GlobalSection(ExtensibilityGlobals) = postSolution
		SolutionGuid = {AF0A09ED-C74F-3941-B66F-F7DF683A9FE3}
	EndGlobalSection
	GlobalSection(ExtensibilityAddIns) = postSolution
	EndGlobalSection
EndGlobal
