
Microsoft Visual Studio Solution File, Format Version 12.00
# Visual Studio 15
VisualStudioVersion = 15.0.27703.2026
MinimumVisualStudioVersion = 10.0.40219.1
Project("{8BC9CEB8-8B4A-11D0-8D11-00A0C91BC942}") = "Vulkan_P", "Vulkan_P\Vulkan_P.vcxproj", "{B45BB5B6-7157-4774-9F7D-5D2C56BEE5AB}"
EndProject
Project("{8BC9CEB8-8B4A-11D0-8D11-00A0C91BC942}") = "Vulkan_D", "Vulkan_D\Vulkan_D.vcxproj", "{0AE27030-0512-4903-8D72-DBB3F5A42BC9}"
EndProject
Global
	GlobalSection(SolutionConfigurationPlatforms) = preSolution
		Debug|x64 = Debug|x64
		Debug|x86 = Debug|x86
		MinSizeRel|x64 = MinSizeRel|x64
		MinSizeRel|x86 = MinSizeRel|x86
		Release|x64 = Release|x64
		Release|x86 = Release|x86
		RelWithDebInfo|x64 = RelWithDebInfo|x64
		RelWithDebInfo|x86 = RelWithDebInfo|x86
	EndGlobalSection
	GlobalSection(ProjectConfigurationPlatforms) = postSolution
		{B45BB5B6-7157-4774-9F7D-5D2C56BEE5AB}.Debug|x64.ActiveCfg = Debug|x64
		{B45BB5B6-7157-4774-9F7D-5D2C56BEE5AB}.Debug|x64.Build.0 = Debug|x64
		{B45BB5B6-7157-4774-9F7D-5D2C56BEE5AB}.Debug|x86.ActiveCfg = Debug|Win32
		{B45BB5B6-7157-4774-9F7D-5D2C56BEE5AB}.Debug|x86.Build.0 = Debug|Win32
		{B45BB5B6-7157-4774-9F7D-5D2C56BEE5AB}.MinSizeRel|x64.ActiveCfg = Release|x64
		{B45BB5B6-7157-4774-9F7D-5D2C56BEE5AB}.MinSizeRel|x64.Build.0 = Release|x64
		{B45BB5B6-7157-4774-9F7D-5D2C56BEE5AB}.MinSizeRel|x86.ActiveCfg = Release|Win32
		{B45BB5B6-7157-4774-9F7D-5D2C56BEE5AB}.MinSizeRel|x86.Build.0 = Release|Win32
		{B45BB5B6-7157-4774-9F7D-5D2C56BEE5AB}.Release|x64.ActiveCfg = Release|x64
		{B45BB5B6-7157-4774-9F7D-5D2C56BEE5AB}.Release|x64.Build.0 = Release|x64
		{B45BB5B6-7157-4774-9F7D-5D2C56BEE5AB}.Release|x86.ActiveCfg = Release|Win32
		{B45BB5B6-7157-4774-9F7D-5D2C56BEE5AB}.Release|x86.Build.0 = Release|Win32
		{B45BB5B6-7157-4774-9F7D-5D2C56BEE5AB}.RelWithDebInfo|x64.ActiveCfg = Release|x64
		{B45BB5B6-7157-4774-9F7D-5D2C56BEE5AB}.RelWithDebInfo|x64.Build.0 = Release|x64
		{B45BB5B6-7157-4774-9F7D-5D2C56BEE5AB}.RelWithDebInfo|x86.ActiveCfg = Release|Win32
		{B45BB5B6-7157-4774-9F7D-5D2C56BEE5AB}.RelWithDebInfo|x86.Build.0 = Release|Win32
		{0AE27030-0512-4903-8D72-DBB3F5A42BC9}.Debug|x64.ActiveCfg = Debug|x64
		{0AE27030-0512-4903-8D72-DBB3F5A42BC9}.Debug|x64.Build.0 = Debug|x64
		{0AE27030-0512-4903-8D72-DBB3F5A42BC9}.Debug|x86.ActiveCfg = Debug|Win32
		{0AE27030-0512-4903-8D72-DBB3F5A42BC9}.Debug|x86.Build.0 = Debug|Win32
		{0AE27030-0512-4903-8D72-DBB3F5A42BC9}.MinSizeRel|x64.ActiveCfg = Release|x64
		{0AE27030-0512-4903-8D72-DBB3F5A42BC9}.MinSizeRel|x64.Build.0 = Release|x64
		{0AE27030-0512-4903-8D72-DBB3F5A42BC9}.MinSizeRel|x86.ActiveCfg = Release|Win32
		{0AE27030-0512-4903-8D72-DBB3F5A42BC9}.MinSizeRel|x86.Build.0 = Release|Win32
		{0AE27030-0512-4903-8D72-DBB3F5A42BC9}.Release|x64.ActiveCfg = Release|x64
		{0AE27030-0512-4903-8D72-DBB3F5A42BC9}.Release|x64.Build.0 = Release|x64
		{0AE27030-0512-4903-8D72-DBB3F5A42BC9}.Release|x86.ActiveCfg = Release|Win32
		{0AE27030-0512-4903-8D72-DBB3F5A42BC9}.Release|x86.Build.0 = Release|Win32
		{0AE27030-0512-4903-8D72-DBB3F5A42BC9}.RelWithDebInfo|x64.ActiveCfg = Release|x64
		{0AE27030-0512-4903-8D72-DBB3F5A42BC9}.RelWithDebInfo|x64.Build.0 = Release|x64
		{0AE27030-0512-4903-8D72-DBB3F5A42BC9}.RelWithDebInfo|x86.ActiveCfg = Release|Win32
		{0AE27030-0512-4903-8D72-DBB3F5A42BC9}.RelWithDebInfo|x86.Build.0 = Release|Win32
	EndGlobalSection
	GlobalSection(SolutionProperties) = preSolution
		HideSolutionNode = FALSE
	EndGlobalSection
	GlobalSection(ExtensibilityGlobals) = postSolution
		SolutionGuid = {67A64AE2-0188-4D38-8CE8-1EF10E5EED29}
	EndGlobalSection
EndGlobal
